{
    "version": 3,
    "terraform_version": "0.10.8",
    "serial": 41,
    "lineage": "ee1f7e86-0e4b-4c51-b1b9-e4f0be0fd2b1",
    "modules": [
        {
            "path": [
                "root"
            ],
            "outputs": {
                "alb_target_group_meter_reads_arn": {
                    "sensitive": false,
                    "type": "string",
                    "value": "arn:aws:elasticloadbalancing:ap-southeast-2:408673749050:targetgroup/BP-MeterReads-TG/dfd4cc1ac70a123d"
                },
                "bastion_server_ip": {
                    "sensitive": false,
                    "type": "string",
                    "value": "52.64.255.40"
                },
                "ecs_cluster_id": {
                    "sensitive": false,
                    "type": "string",
                    "value": "arn:aws:ecs:ap-southeast-2:408673749050:cluster/BP_DEV_Cluster"
                },
                "ecs_nodes_ip": {
                    "sensitive": false,
                    "type": "list",
                    "value": [
                        "10.0.3.147",
                        "10.0.4.244"
                    ]
                },
                "load_balancer_url": {
                    "sensitive": false,
                    "type": "string",
                    "value": "BP-ALB-269441267.ap-southeast-2.elb.amazonaws.com"
                },
                "vpc_id": {
                    "sensitive": false,
                    "type": "string",
                    "value": "vpc-00878864"
                }
            },
            "resources": {
                "aws_alb.alb": {
                    "type": "aws_alb",
                    "depends_on": [
                        "aws_security_group.elb-sg",
                        "aws_subnet.dmz.*"
                    ],
                    "primary": {
                        "id": "arn:aws:elasticloadbalancing:ap-southeast-2:408673749050:loadbalancer/app/BP-ALB/69d495f6d393901c",
                        "attributes": {
                            "access_logs.#": "0",
                            "arn": "arn:aws:elasticloadbalancing:ap-southeast-2:408673749050:loadbalancer/app/BP-ALB/69d495f6d393901c",
                            "arn_suffix": "app/BP-ALB/69d495f6d393901c",
                            "dns_name": "BP-ALB-269441267.ap-southeast-2.elb.amazonaws.com",
                            "enable_deletion_protection": "false",
                            "id": "arn:aws:elasticloadbalancing:ap-southeast-2:408673749050:loadbalancer/app/BP-ALB/69d495f6d393901c",
                            "idle_timeout": "60",
                            "internal": "false",
                            "ip_address_type": "ipv4",
                            "load_balancer_type": "application",
                            "name": "BP-ALB",
                            "security_groups.#": "1",
                            "security_groups.1481105039": "sg-c8aec9ae",
                            "subnets.#": "2",
                            "subnets.2271319469": "subnet-7b76b532",
                            "subnets.2907117738": "subnet-c8c81baf",
                            "tags.%": "3",
                            "tags.Environment": "DEV",
                            "tags.Name": "BP-ALB",
                            "tags.Project": "BeePower",
                            "vpc_id": "vpc-00878864",
                            "zone_id": "Z1GM3OXH4ZPM65"
                        },
                        "meta": {
                            "e2bfb730-ecaa-11e6-8f88-34363bc7c4c0": {
                                "create": 600000000000,
                                "delete": 600000000000,
                                "update": 600000000000
                            }
                        },
                        "tainted": false
                    },
                    "deposed": [],
                    "provider": ""
                },
                "aws_alb_listener.http": {
                    "type": "aws_alb_listener",
                    "depends_on": [
                        "aws_alb.alb",
                        "aws_alb_target_group.default"
                    ],
                    "primary": {
                        "id": "arn:aws:elasticloadbalancing:ap-southeast-2:408673749050:listener/app/BP-ALB/69d495f6d393901c/1b41711d6ee7ac09",
                        "attributes": {
                            "arn": "arn:aws:elasticloadbalancing:ap-southeast-2:408673749050:listener/app/BP-ALB/69d495f6d393901c/1b41711d6ee7ac09",
                            "default_action.#": "1",
                            "default_action.0.target_group_arn": "arn:aws:elasticloadbalancing:ap-southeast-2:408673749050:targetgroup/BP-ALB-DEFAULT-TG/998c9591c6a6d3c5",
                            "default_action.0.type": "forward",
                            "id": "arn:aws:elasticloadbalancing:ap-southeast-2:408673749050:listener/app/BP-ALB/69d495f6d393901c/1b41711d6ee7ac09",
                            "load_balancer_arn": "arn:aws:elasticloadbalancing:ap-southeast-2:408673749050:loadbalancer/app/BP-ALB/69d495f6d393901c",
                            "port": "80",
                            "protocol": "HTTP",
                            "ssl_policy": ""
                        },
                        "meta": {},
                        "tainted": false
                    },
                    "deposed": [],
                    "provider": ""
                },
                "aws_alb_listener_rule.meter_reads": {
                    "type": "aws_alb_listener_rule",
                    "depends_on": [
                        "aws_alb_listener.http",
                        "aws_alb_target_group.meter_reads"
                    ],
                    "primary": {
                        "id": "arn:aws:elasticloadbalancing:ap-southeast-2:408673749050:listener-rule/app/BP-ALB/69d495f6d393901c/1b41711d6ee7ac09/77cccc77b2ec2899",
                        "attributes": {
                            "action.#": "1",
                            "action.0.target_group_arn": "arn:aws:elasticloadbalancing:ap-southeast-2:408673749050:targetgroup/BP-MeterReads-TG/dfd4cc1ac70a123d",
                            "action.0.type": "forward",
                            "arn": "arn:aws:elasticloadbalancing:ap-southeast-2:408673749050:listener-rule/app/BP-ALB/69d495f6d393901c/1b41711d6ee7ac09/77cccc77b2ec2899",
                            "condition.#": "1",
                            "condition.2551747819.field": "path-pattern",
                            "condition.2551747819.values.#": "1",
                            "condition.2551747819.values.0": "/api/meterReads",
                            "id": "arn:aws:elasticloadbalancing:ap-southeast-2:408673749050:listener-rule/app/BP-ALB/69d495f6d393901c/1b41711d6ee7ac09/77cccc77b2ec2899",
                            "listener_arn": "arn:aws:elasticloadbalancing:ap-southeast-2:408673749050:listener/app/BP-ALB/69d495f6d393901c/1b41711d6ee7ac09",
                            "priority": "1"
                        },
                        "meta": {},
                        "tainted": false
                    },
                    "deposed": [],
                    "provider": ""
                },
                "aws_alb_target_group.default": {
                    "type": "aws_alb_target_group",
                    "depends_on": [
                        "aws_vpc.vpc"
                    ],
                    "primary": {
                        "id": "arn:aws:elasticloadbalancing:ap-southeast-2:408673749050:targetgroup/BP-ALB-DEFAULT-TG/998c9591c6a6d3c5",
                        "attributes": {
                            "arn": "arn:aws:elasticloadbalancing:ap-southeast-2:408673749050:targetgroup/BP-ALB-DEFAULT-TG/998c9591c6a6d3c5",
                            "arn_suffix": "targetgroup/BP-ALB-DEFAULT-TG/998c9591c6a6d3c5",
                            "deregistration_delay": "300",
                            "health_check.#": "1",
                            "health_check.0.healthy_threshold": "5",
                            "health_check.0.interval": "30",
                            "health_check.0.matcher": "200",
                            "health_check.0.path": "/",
                            "health_check.0.port": "traffic-port",
                            "health_check.0.protocol": "HTTP",
                            "health_check.0.timeout": "5",
                            "health_check.0.unhealthy_threshold": "2",
                            "id": "arn:aws:elasticloadbalancing:ap-southeast-2:408673749050:targetgroup/BP-ALB-DEFAULT-TG/998c9591c6a6d3c5",
                            "name": "BP-ALB-DEFAULT-TG",
                            "port": "80",
                            "protocol": "HTTP",
                            "stickiness.#": "1",
                            "stickiness.0.cookie_duration": "86400",
                            "stickiness.0.enabled": "false",
                            "stickiness.0.type": "lb_cookie",
                            "tags.%": "3",
                            "tags.Environment": "DEV",
                            "tags.Name": "BP-ALB-DEFAULT-TG",
                            "tags.Project": "BeePower",
                            "target_type": "instance",
                            "vpc_id": "vpc-00878864"
                        },
                        "meta": {},
                        "tainted": false
                    },
                    "deposed": [],
                    "provider": ""
                },
                "aws_alb_target_group.meter_reads": {
                    "type": "aws_alb_target_group",
                    "depends_on": [
                        "aws_vpc.vpc"
                    ],
                    "primary": {
                        "id": "arn:aws:elasticloadbalancing:ap-southeast-2:408673749050:targetgroup/BP-MeterReads-TG/dfd4cc1ac70a123d",
                        "attributes": {
                            "arn": "arn:aws:elasticloadbalancing:ap-southeast-2:408673749050:targetgroup/BP-MeterReads-TG/dfd4cc1ac70a123d",
                            "arn_suffix": "targetgroup/BP-MeterReads-TG/dfd4cc1ac70a123d",
                            "deregistration_delay": "300",
                            "health_check.#": "1",
                            "health_check.0.healthy_threshold": "5",
                            "health_check.0.interval": "30",
                            "health_check.0.matcher": "200-299",
                            "health_check.0.path": "/api/meterReads",
                            "health_check.0.port": "traffic-port",
                            "health_check.0.protocol": "HTTP",
                            "health_check.0.timeout": "5",
                            "health_check.0.unhealthy_threshold": "2",
                            "id": "arn:aws:elasticloadbalancing:ap-southeast-2:408673749050:targetgroup/BP-MeterReads-TG/dfd4cc1ac70a123d",
                            "name": "BP-MeterReads-TG",
                            "port": "80",
                            "protocol": "HTTP",
                            "stickiness.#": "1",
                            "stickiness.0.cookie_duration": "86400",
                            "stickiness.0.enabled": "false",
                            "stickiness.0.type": "lb_cookie",
                            "tags.%": "3",
                            "tags.Environment": "DEV",
                            "tags.Name": "BP-MeterReads-TG",
                            "tags.Project": "BeePower",
                            "target_type": "instance",
                            "vpc_id": "vpc-00878864"
                        },
                        "meta": {},
                        "tainted": false
                    },
                    "deposed": [],
                    "provider": ""
                },
                "aws_ecs_cluster.ecs_cluster": {
                    "type": "aws_ecs_cluster",
                    "depends_on": [],
                    "primary": {
                        "id": "arn:aws:ecs:ap-southeast-2:408673749050:cluster/BP_DEV_Cluster",
                        "attributes": {
                            "id": "arn:aws:ecs:ap-southeast-2:408673749050:cluster/BP_DEV_Cluster",
                            "name": "BP_DEV_Cluster"
                        },
                        "meta": {},
                        "tainted": false
                    },
                    "deposed": [],
                    "provider": ""
                },
                "aws_ecs_service.meter_reads": {
                    "type": "aws_ecs_service",
                    "depends_on": [
                        "aws_alb.alb",
                        "aws_alb_target_group.meter_reads",
                        "aws_ecs_cluster.ecs_cluster",
                        "aws_ecs_task_definition.meter_reads"
                    ],
                    "primary": {
                        "id": "arn:aws:ecs:ap-southeast-2:408673749050:service/MeterReadsService",
                        "attributes": {
                            "cluster": "arn:aws:ecs:ap-southeast-2:408673749050:cluster/BP_DEV_Cluster",
                            "deployment_maximum_percent": "200",
                            "deployment_minimum_healthy_percent": "100",
                            "desired_count": "2",
                            "iam_role": "arn:aws:iam::408673749050:role/ECSServiceRole",
                            "id": "arn:aws:ecs:ap-southeast-2:408673749050:service/MeterReadsService",
                            "load_balancer.#": "1",
                            "load_balancer.2330808827.container_name": "meterReadsContainer",
                            "load_balancer.2330808827.container_port": "80",
                            "load_balancer.2330808827.elb_name": "",
                            "load_balancer.2330808827.target_group_arn": "arn:aws:elasticloadbalancing:ap-southeast-2:408673749050:targetgroup/BP-MeterReads-TG/dfd4cc1ac70a123d",
                            "name": "MeterReadsService",
                            "placement_constraints.#": "0",
                            "placement_strategy.#": "1",
                            "placement_strategy.3619322362.field": "attribute:ecs.availability-zone",
                            "placement_strategy.3619322362.type": "spread",
                            "task_definition": "MeterReads:14"
                        },
                        "meta": {},
                        "tainted": false
                    },
                    "deposed": [],
                    "provider": ""
                },
                "aws_ecs_task_definition.meter_reads": {
                    "type": "aws_ecs_task_definition",
                    "depends_on": [],
                    "primary": {
                        "id": "MeterReads",
                        "attributes": {
                            "arn": "arn:aws:ecs:ap-southeast-2:408673749050:task-definition/MeterReads:14",
                            "container_definitions": "185ce2f9615b8d083ac14737326ef809ffa6b7e1",
                            "family": "MeterReads",
                            "id": "MeterReads",
                            "network_mode": "",
                            "placement_constraints.#": "0",
                            "revision": "14",
                            "task_role_arn": ""
                        },
                        "meta": {},
                        "tainted": false
                    },
                    "deposed": [],
                    "provider": ""
                },
                "aws_eip.ngw_eips.0": {
                    "type": "aws_eip",
                    "depends_on": [],
                    "primary": {
                        "id": "eipalloc-651a6f5f",
                        "attributes": {
                            "association_id": "",
                            "domain": "vpc",
                            "id": "eipalloc-651a6f5f",
                            "instance": "",
                            "network_interface": "",
                            "private_ip": "",
                            "public_ip": "13.210.132.85",
                            "vpc": "true"
                        },
                        "meta": {},
                        "tainted": false
                    },
                    "deposed": [],
                    "provider": ""
                },
                "aws_eip.ngw_eips.1": {
                    "type": "aws_eip",
                    "depends_on": [],
                    "primary": {
                        "id": "eipalloc-ed186dd7",
                        "attributes": {
                            "association_id": "",
                            "domain": "vpc",
                            "id": "eipalloc-ed186dd7",
                            "instance": "",
                            "network_interface": "",
                            "private_ip": "",
                            "public_ip": "52.65.32.144",
                            "vpc": "true"
                        },
                        "meta": {},
                        "tainted": false
                    },
                    "deposed": [],
                    "provider": ""
                },
                "aws_instance.bastion_server": {
                    "type": "aws_instance",
                    "depends_on": [
                        "aws_security_group.bastion-sg",
                        "aws_subnet.dmz.*"
                    ],
                    "primary": {
                        "id": "i-075212a45b9372b2c",
                        "attributes": {
                            "ami": "ami-e2021d81",
                            "associate_public_ip_address": "true",
                            "availability_zone": "ap-southeast-2a",
                            "disable_api_termination": "false",
                            "ebs_block_device.#": "0",
                            "ebs_optimized": "false",
                            "ephemeral_block_device.#": "0",
                            "iam_instance_profile": "",
                            "id": "i-075212a45b9372b2c",
                            "instance_state": "running",
                            "instance_type": "t2.micro",
                            "ipv6_addresses.#": "0",
                            "key_name": "DTL-SYD-SERVERS",
                            "monitoring": "false",
                            "network_interface.#": "0",
                            "network_interface_id": "eni-f110f5cc",
                            "primary_network_interface_id": "eni-f110f5cc",
                            "private_dns": "ip-10-0-1-51.ap-southeast-2.compute.internal",
                            "private_ip": "10.0.1.51",
                            "public_dns": "",
                            "public_ip": "52.64.255.40",
                            "root_block_device.#": "1",
                            "root_block_device.0.delete_on_termination": "true",
                            "root_block_device.0.iops": "100",
                            "root_block_device.0.volume_size": "8",
                            "root_block_device.0.volume_type": "gp2",
                            "security_groups.#": "0",
                            "source_dest_check": "true",
                            "subnet_id": "subnet-7b76b532",
                            "tags.%": "3",
                            "tags.Environment": "DEV",
                            "tags.Name": "BP-BASTION-SERVER",
                            "tags.Project": "BeePower",
                            "tenancy": "default",
                            "volume_tags.%": "0",
                            "vpc_security_group_ids.#": "1",
                            "vpc_security_group_ids.3292232837": "sg-2fabcc49"
                        },
                        "meta": {
                            "e2bfb730-ecaa-11e6-8f88-34363bc7c4c0": {
                                "create": 600000000000,
                                "delete": 600000000000,
                                "update": 600000000000
                            },
                            "schema_version": "1"
                        },
                        "tainted": false
                    },
                    "deposed": [],
                    "provider": ""
                },
                "aws_instance.ecs_nodes.0": {
                    "type": "aws_instance",
                    "depends_on": [
                        "aws_security_group.ecs_nodes-sg",
                        "aws_subnet.services.*"
                    ],
                    "primary": {
                        "id": "i-00d8e35ffd92ee10d",
                        "attributes": {
                            "ami": "ami-4f08e82d",
                            "associate_public_ip_address": "false",
                            "availability_zone": "ap-southeast-2a",
                            "disable_api_termination": "false",
                            "ebs_block_device.#": "1",
                            "ebs_block_device.504524833.delete_on_termination": "true",
                            "ebs_block_device.504524833.device_name": "/dev/xvdcz",
                            "ebs_block_device.504524833.encrypted": "false",
                            "ebs_block_device.504524833.iops": "100",
                            "ebs_block_device.504524833.snapshot_id": "",
                            "ebs_block_device.504524833.volume_size": "22",
                            "ebs_block_device.504524833.volume_type": "gp2",
                            "ebs_optimized": "false",
                            "ephemeral_block_device.#": "0",
                            "iam_instance_profile": "ECSInstanceRole",
                            "id": "i-00d8e35ffd92ee10d",
                            "instance_state": "running",
                            "instance_type": "t2.micro",
                            "ipv6_addresses.#": "0",
                            "key_name": "DTL-SYD-SERVERS",
                            "monitoring": "false",
                            "network_interface.#": "0",
                            "network_interface_id": "eni-6c12f751",
                            "primary_network_interface_id": "eni-6c12f751",
                            "private_dns": "ip-10-0-3-147.ap-southeast-2.compute.internal",
                            "private_ip": "10.0.3.147",
                            "public_dns": "",
                            "public_ip": "",
                            "root_block_device.#": "1",
                            "root_block_device.0.delete_on_termination": "true",
                            "root_block_device.0.iops": "100",
                            "root_block_device.0.volume_size": "8",
                            "root_block_device.0.volume_type": "gp2",
                            "security_groups.#": "0",
                            "source_dest_check": "true",
                            "subnet_id": "subnet-3477b47d",
                            "tags.%": "3",
                            "tags.Environment": "DEV",
                            "tags.Name": "BP-ECS-NODE-0",
                            "tags.Project": "BeePower",
                            "tenancy": "default",
                            "user_data": "c5becbab4a4a8c9810599f20342904c64aadb55f",
                            "volume_tags.%": "0",
                            "vpc_security_group_ids.#": "1",
                            "vpc_security_group_ids.3982297451": "sg-1fadca79"
                        },
                        "meta": {
                            "e2bfb730-ecaa-11e6-8f88-34363bc7c4c0": {
                                "create": 600000000000,
                                "delete": 600000000000,
                                "update": 600000000000
                            },
                            "schema_version": "1"
                        },
                        "tainted": false
                    },
                    "deposed": [],
                    "provider": ""
                },
                "aws_instance.ecs_nodes.1": {
                    "type": "aws_instance",
                    "depends_on": [
                        "aws_security_group.ecs_nodes-sg",
                        "aws_subnet.services.*"
                    ],
                    "primary": {
                        "id": "i-0139fd4db0c16a1f0",
                        "attributes": {
                            "ami": "ami-4f08e82d",
                            "associate_public_ip_address": "false",
                            "availability_zone": "ap-southeast-2b",
                            "disable_api_termination": "false",
                            "ebs_block_device.#": "1",
                            "ebs_block_device.504524833.delete_on_termination": "true",
                            "ebs_block_device.504524833.device_name": "/dev/xvdcz",
                            "ebs_block_device.504524833.encrypted": "false",
                            "ebs_block_device.504524833.iops": "100",
                            "ebs_block_device.504524833.snapshot_id": "",
                            "ebs_block_device.504524833.volume_size": "22",
                            "ebs_block_device.504524833.volume_type": "gp2",
                            "ebs_optimized": "false",
                            "ephemeral_block_device.#": "0",
                            "iam_instance_profile": "ECSInstanceRole",
                            "id": "i-0139fd4db0c16a1f0",
                            "instance_state": "running",
                            "instance_type": "t2.micro",
                            "ipv6_addresses.#": "0",
                            "key_name": "DTL-SYD-SERVERS",
                            "monitoring": "false",
                            "network_interface.#": "0",
                            "network_interface_id": "eni-07fc352c",
                            "primary_network_interface_id": "eni-07fc352c",
                            "private_dns": "ip-10-0-4-244.ap-southeast-2.compute.internal",
                            "private_ip": "10.0.4.244",
                            "public_dns": "",
                            "public_ip": "",
                            "root_block_device.#": "1",
                            "root_block_device.0.delete_on_termination": "true",
                            "root_block_device.0.iops": "100",
                            "root_block_device.0.volume_size": "8",
                            "root_block_device.0.volume_type": "gp2",
                            "security_groups.#": "0",
                            "source_dest_check": "true",
                            "subnet_id": "subnet-a9cf1cce",
                            "tags.%": "3",
                            "tags.Environment": "DEV",
                            "tags.Name": "BP-ECS-NODE-1",
                            "tags.Project": "BeePower",
                            "tenancy": "default",
                            "user_data": "c5becbab4a4a8c9810599f20342904c64aadb55f",
                            "volume_tags.%": "0",
                            "vpc_security_group_ids.#": "1",
                            "vpc_security_group_ids.3982297451": "sg-1fadca79"
                        },
                        "meta": {
                            "e2bfb730-ecaa-11e6-8f88-34363bc7c4c0": {
                                "create": 600000000000,
                                "delete": 600000000000,
                                "update": 600000000000
                            },
                            "schema_version": "1"
                        },
                        "tainted": false
                    },
                    "deposed": [],
                    "provider": ""
                },
                "aws_internet_gateway.igw": {
                    "type": "aws_internet_gateway",
                    "depends_on": [
                        "aws_vpc.vpc"
                    ],
                    "primary": {
                        "id": "igw-88cc61ec",
                        "attributes": {
                            "id": "igw-88cc61ec",
                            "tags.%": "3",
                            "tags.Environment": "DEV",
                            "tags.Name": "BP-IGW",
                            "tags.Project": "BeePower",
                            "vpc_id": "vpc-00878864"
                        },
                        "meta": {},
                        "tainted": false
                    },
                    "deposed": [],
                    "provider": ""
                },
                "aws_nat_gateway.ngws.0": {
                    "type": "aws_nat_gateway",
                    "depends_on": [
                        "aws_eip.ngw_eips",
                        "aws_eip.ngw_eips.*",
                        "aws_subnet.dmz.*"
                    ],
                    "primary": {
                        "id": "nat-0bcbdf4c983e06f2d",
                        "attributes": {
                            "allocation_id": "eipalloc-651a6f5f",
                            "id": "nat-0bcbdf4c983e06f2d",
                            "network_interface_id": "eni-5810f565",
                            "private_ip": "10.0.1.244",
                            "public_ip": "13.210.132.85",
                            "subnet_id": "subnet-7b76b532",
                            "tags.%": "3",
                            "tags.Environment": "DEV",
                            "tags.Name": "BP-NGW-0",
                            "tags.Project": "BeePower"
                        },
                        "meta": {},
                        "tainted": false
                    },
                    "deposed": [],
                    "provider": ""
                },
                "aws_nat_gateway.ngws.1": {
                    "type": "aws_nat_gateway",
                    "depends_on": [
                        "aws_eip.ngw_eips",
                        "aws_eip.ngw_eips.*",
                        "aws_subnet.dmz.*"
                    ],
                    "primary": {
                        "id": "nat-0d9337d809f6a00df",
                        "attributes": {
                            "allocation_id": "eipalloc-ed186dd7",
                            "id": "nat-0d9337d809f6a00df",
                            "network_interface_id": "eni-c3fb32e8",
                            "private_ip": "10.0.2.101",
                            "public_ip": "52.65.32.144",
                            "subnet_id": "subnet-c8c81baf",
                            "tags.%": "3",
                            "tags.Environment": "DEV",
                            "tags.Name": "BP-NGW-1",
                            "tags.Project": "BeePower"
                        },
                        "meta": {},
                        "tainted": false
                    },
                    "deposed": [],
                    "provider": ""
                },
                "aws_route_table.igw_route_table": {
                    "type": "aws_route_table",
                    "depends_on": [
                        "aws_internet_gateway.igw",
                        "aws_vpc.vpc"
                    ],
                    "primary": {
                        "id": "rtb-4d92262a",
                        "attributes": {
                            "id": "rtb-4d92262a",
                            "propagating_vgws.#": "0",
                            "route.#": "1",
                            "route.3085750402.cidr_block": "0.0.0.0/0",
                            "route.3085750402.egress_only_gateway_id": "",
                            "route.3085750402.gateway_id": "igw-88cc61ec",
                            "route.3085750402.instance_id": "",
                            "route.3085750402.ipv6_cidr_block": "",
                            "route.3085750402.nat_gateway_id": "",
                            "route.3085750402.network_interface_id": "",
                            "route.3085750402.vpc_peering_connection_id": "",
                            "tags.%": "3",
                            "tags.Environment": "DEV",
                            "tags.Name": "BP-RT-IGW",
                            "tags.Project": "BeePower",
                            "vpc_id": "vpc-00878864"
                        },
                        "meta": {},
                        "tainted": false
                    },
                    "deposed": [],
                    "provider": ""
                },
                "aws_route_table.ngw_route_tables.0": {
                    "type": "aws_route_table",
                    "depends_on": [
                        "aws_nat_gateway.ngws",
                        "aws_nat_gateway.ngws.*",
                        "aws_vpc.vpc"
                    ],
                    "primary": {
                        "id": "rtb-b39125d4",
                        "attributes": {
                            "id": "rtb-b39125d4",
                            "propagating_vgws.#": "0",
                            "route.#": "1",
                            "route.1278941959.cidr_block": "0.0.0.0/0",
                            "route.1278941959.egress_only_gateway_id": "",
                            "route.1278941959.gateway_id": "nat-0bcbdf4c983e06f2d",
                            "route.1278941959.instance_id": "",
                            "route.1278941959.ipv6_cidr_block": "",
                            "route.1278941959.nat_gateway_id": "",
                            "route.1278941959.network_interface_id": "",
                            "route.1278941959.vpc_peering_connection_id": "",
                            "tags.%": "3",
                            "tags.Environment": "DEV",
                            "tags.Name": "BP-RT-NGW-0",
                            "tags.Project": "BeePower",
                            "vpc_id": "vpc-00878864"
                        },
                        "meta": {},
                        "tainted": false
                    },
                    "deposed": [],
                    "provider": ""
                },
                "aws_route_table.ngw_route_tables.1": {
                    "type": "aws_route_table",
                    "depends_on": [
                        "aws_nat_gateway.ngws",
                        "aws_nat_gateway.ngws.*",
                        "aws_vpc.vpc"
                    ],
                    "primary": {
                        "id": "rtb-f6922691",
                        "attributes": {
                            "id": "rtb-f6922691",
                            "propagating_vgws.#": "0",
                            "route.#": "1",
                            "route.1118872820.cidr_block": "0.0.0.0/0",
                            "route.1118872820.egress_only_gateway_id": "",
                            "route.1118872820.gateway_id": "nat-0d9337d809f6a00df",
                            "route.1118872820.instance_id": "",
                            "route.1118872820.ipv6_cidr_block": "",
                            "route.1118872820.nat_gateway_id": "",
                            "route.1118872820.network_interface_id": "",
                            "route.1118872820.vpc_peering_connection_id": "",
                            "tags.%": "3",
                            "tags.Environment": "DEV",
                            "tags.Name": "BP-RT-NGW-1",
                            "tags.Project": "BeePower",
                            "vpc_id": "vpc-00878864"
                        },
                        "meta": {},
                        "tainted": false
                    },
                    "deposed": [],
                    "provider": ""
                },
                "aws_route_table_association.route_table_dbs_bridge.0": {
                    "type": "aws_route_table_association",
                    "depends_on": [
                        "aws_route_table.ngw_route_tables.*",
                        "aws_subnet.dbs",
                        "aws_subnet.dbs.*"
                    ],
                    "primary": {
                        "id": "rtbassoc-dfc112b9",
                        "attributes": {
                            "id": "rtbassoc-dfc112b9",
                            "route_table_id": "rtb-b39125d4",
                            "subnet_id": "subnet-7a76b533"
                        },
                        "meta": {},
                        "tainted": false
                    },
                    "deposed": [],
                    "provider": ""
                },
                "aws_route_table_association.route_table_dbs_bridge.1": {
                    "type": "aws_route_table_association",
                    "depends_on": [
                        "aws_route_table.ngw_route_tables.*",
                        "aws_subnet.dbs",
                        "aws_subnet.dbs.*"
                    ],
                    "primary": {
                        "id": "rtbassoc-7bc7141d",
                        "attributes": {
                            "id": "rtbassoc-7bc7141d",
                            "route_table_id": "rtb-f6922691",
                            "subnet_id": "subnet-89c91aee"
                        },
                        "meta": {},
                        "tainted": false
                    },
                    "deposed": [],
                    "provider": ""
                },
                "aws_route_table_association.route_table_dmz_bridge.0": {
                    "type": "aws_route_table_association",
                    "depends_on": [
                        "aws_route_table.igw_route_table",
                        "aws_subnet.dmz",
                        "aws_subnet.dmz.*"
                    ],
                    "primary": {
                        "id": "rtbassoc-55c21133",
                        "attributes": {
                            "id": "rtbassoc-55c21133",
                            "route_table_id": "rtb-4d92262a",
                            "subnet_id": "subnet-7b76b532"
                        },
                        "meta": {},
                        "tainted": false
                    },
                    "deposed": [],
                    "provider": ""
                },
                "aws_route_table_association.route_table_dmz_bridge.1": {
                    "type": "aws_route_table_association",
                    "depends_on": [
                        "aws_route_table.igw_route_table",
                        "aws_subnet.dmz",
                        "aws_subnet.dmz.*"
                    ],
                    "primary": {
                        "id": "rtbassoc-16c01370",
                        "attributes": {
                            "id": "rtbassoc-16c01370",
                            "route_table_id": "rtb-4d92262a",
                            "subnet_id": "subnet-c8c81baf"
                        },
                        "meta": {},
                        "tainted": false
                    },
                    "deposed": [],
                    "provider": ""
                },
                "aws_route_table_association.route_table_services_bridge.0": {
                    "type": "aws_route_table_association",
                    "depends_on": [
                        "aws_route_table.ngw_route_tables.*",
                        "aws_subnet.services",
                        "aws_subnet.services.*"
                    ],
                    "primary": {
                        "id": "rtbassoc-adc013cb",
                        "attributes": {
                            "id": "rtbassoc-adc013cb",
                            "route_table_id": "rtb-b39125d4",
                            "subnet_id": "subnet-3477b47d"
                        },
                        "meta": {},
                        "tainted": false
                    },
                    "deposed": [],
                    "provider": ""
                },
                "aws_route_table_association.route_table_services_bridge.1": {
                    "type": "aws_route_table_association",
                    "depends_on": [
                        "aws_route_table.ngw_route_tables.*",
                        "aws_subnet.services",
                        "aws_subnet.services.*"
                    ],
                    "primary": {
                        "id": "rtbassoc-08c1126e",
                        "attributes": {
                            "id": "rtbassoc-08c1126e",
                            "route_table_id": "rtb-f6922691",
                            "subnet_id": "subnet-a9cf1cce"
                        },
                        "meta": {},
                        "tainted": false
                    },
                    "deposed": [],
                    "provider": ""
                },
                "aws_security_group.bastion-sg": {
                    "type": "aws_security_group",
                    "depends_on": [
                        "aws_vpc.vpc"
                    ],
                    "primary": {
                        "id": "sg-2fabcc49",
                        "attributes": {
                            "description": "Managed by Terraform",
                            "egress.#": "1",
                            "egress.482069346.cidr_blocks.#": "1",
                            "egress.482069346.cidr_blocks.0": "0.0.0.0/0",
                            "egress.482069346.description": "",
                            "egress.482069346.from_port": "0",
                            "egress.482069346.ipv6_cidr_blocks.#": "0",
                            "egress.482069346.prefix_list_ids.#": "0",
                            "egress.482069346.protocol": "-1",
                            "egress.482069346.security_groups.#": "0",
                            "egress.482069346.self": "false",
                            "egress.482069346.to_port": "0",
                            "id": "sg-2fabcc49",
                            "ingress.#": "1",
                            "ingress.2541437006.cidr_blocks.#": "1",
                            "ingress.2541437006.cidr_blocks.0": "0.0.0.0/0",
                            "ingress.2541437006.description": "",
                            "ingress.2541437006.from_port": "22",
                            "ingress.2541437006.ipv6_cidr_blocks.#": "0",
                            "ingress.2541437006.protocol": "tcp",
                            "ingress.2541437006.security_groups.#": "0",
                            "ingress.2541437006.self": "false",
                            "ingress.2541437006.to_port": "22",
                            "name": "BP-SG-BASTION",
                            "owner_id": "408673749050",
                            "revoke_rules_on_delete": "false",
                            "tags.%": "0",
                            "vpc_id": "vpc-00878864"
                        },
                        "meta": {
                            "schema_version": "1"
                        },
                        "tainted": false
                    },
                    "deposed": [],
                    "provider": ""
                },
                "aws_security_group.ecs_nodes-sg": {
                    "type": "aws_security_group",
                    "depends_on": [
                        "aws_security_group.elb-sg",
                        "aws_vpc.vpc"
                    ],
                    "primary": {
                        "id": "sg-1fadca79",
                        "attributes": {
                            "description": "Managed by Terraform",
                            "egress.#": "1",
                            "egress.482069346.cidr_blocks.#": "1",
                            "egress.482069346.cidr_blocks.0": "0.0.0.0/0",
                            "egress.482069346.description": "",
                            "egress.482069346.from_port": "0",
                            "egress.482069346.ipv6_cidr_blocks.#": "0",
                            "egress.482069346.prefix_list_ids.#": "0",
                            "egress.482069346.protocol": "-1",
                            "egress.482069346.security_groups.#": "0",
                            "egress.482069346.self": "false",
                            "egress.482069346.to_port": "0",
                            "id": "sg-1fadca79",
                            "ingress.#": "2",
                            "ingress.1431227492.cidr_blocks.#": "0",
                            "ingress.1431227492.description": "",
                            "ingress.1431227492.from_port": "0",
                            "ingress.1431227492.ipv6_cidr_blocks.#": "0",
                            "ingress.1431227492.protocol": "tcp",
                            "ingress.1431227492.security_groups.#": "1",
                            "ingress.1431227492.security_groups.1481105039": "sg-c8aec9ae",
                            "ingress.1431227492.self": "false",
                            "ingress.1431227492.to_port": "65535",
                            "ingress.931551850.cidr_blocks.#": "1",
                            "ingress.931551850.cidr_blocks.0": "10.0.0.0/16",
                            "ingress.931551850.description": "",
                            "ingress.931551850.from_port": "22",
                            "ingress.931551850.ipv6_cidr_blocks.#": "0",
                            "ingress.931551850.protocol": "tcp",
                            "ingress.931551850.security_groups.#": "0",
                            "ingress.931551850.self": "false",
                            "ingress.931551850.to_port": "22",
                            "name": "BP-SG-ECS-NODES",
                            "owner_id": "408673749050",
                            "revoke_rules_on_delete": "false",
                            "tags.%": "0",
                            "vpc_id": "vpc-00878864"
                        },
                        "meta": {
                            "schema_version": "1"
                        },
                        "tainted": false
                    },
                    "deposed": [],
                    "provider": ""
                },
                "aws_security_group.elb-sg": {
                    "type": "aws_security_group",
                    "depends_on": [
                        "aws_vpc.vpc"
                    ],
                    "primary": {
                        "id": "sg-c8aec9ae",
                        "attributes": {
                            "description": "Managed by Terraform",
                            "egress.#": "1",
                            "egress.482069346.cidr_blocks.#": "1",
                            "egress.482069346.cidr_blocks.0": "0.0.0.0/0",
                            "egress.482069346.description": "",
                            "egress.482069346.from_port": "0",
                            "egress.482069346.ipv6_cidr_blocks.#": "0",
                            "egress.482069346.prefix_list_ids.#": "0",
                            "egress.482069346.protocol": "-1",
                            "egress.482069346.security_groups.#": "0",
                            "egress.482069346.self": "false",
                            "egress.482069346.to_port": "0",
                            "id": "sg-c8aec9ae",
                            "ingress.#": "1",
                            "ingress.2214680975.cidr_blocks.#": "1",
                            "ingress.2214680975.cidr_blocks.0": "0.0.0.0/0",
                            "ingress.2214680975.description": "",
                            "ingress.2214680975.from_port": "80",
                            "ingress.2214680975.ipv6_cidr_blocks.#": "0",
                            "ingress.2214680975.protocol": "tcp",
                            "ingress.2214680975.security_groups.#": "0",
                            "ingress.2214680975.self": "false",
                            "ingress.2214680975.to_port": "80",
                            "name": "BP-SG-ELB",
                            "owner_id": "408673749050",
                            "revoke_rules_on_delete": "false",
                            "tags.%": "0",
                            "vpc_id": "vpc-00878864"
                        },
                        "meta": {
                            "schema_version": "1"
                        },
                        "tainted": false
                    },
                    "deposed": [],
                    "provider": ""
                },
                "aws_subnet.dbs.0": {
                    "type": "aws_subnet",
                    "depends_on": [
                        "aws_vpc.vpc",
                        "data.aws_availability_zones.available"
                    ],
                    "primary": {
                        "id": "subnet-7a76b533",
                        "attributes": {
                            "assign_ipv6_address_on_creation": "false",
                            "availability_zone": "ap-southeast-2a",
                            "cidr_block": "10.0.5.0/24",
                            "id": "subnet-7a76b533",
                            "map_public_ip_on_launch": "false",
                            "tags.%": "3",
                            "tags.Environment": "DEV",
                            "tags.Name": "BP-DBS-0",
                            "tags.Project": "BeePower",
                            "vpc_id": "vpc-00878864"
                        },
                        "meta": {
                            "schema_version": "1"
                        },
                        "tainted": false
                    },
                    "deposed": [],
                    "provider": ""
                },
                "aws_subnet.dbs.1": {
                    "type": "aws_subnet",
                    "depends_on": [
                        "aws_vpc.vpc",
                        "data.aws_availability_zones.available"
                    ],
                    "primary": {
                        "id": "subnet-89c91aee",
                        "attributes": {
                            "assign_ipv6_address_on_creation": "false",
                            "availability_zone": "ap-southeast-2b",
                            "cidr_block": "10.0.6.0/24",
                            "id": "subnet-89c91aee",
                            "map_public_ip_on_launch": "false",
                            "tags.%": "3",
                            "tags.Environment": "DEV",
                            "tags.Name": "BP-DBS-1",
                            "tags.Project": "BeePower",
                            "vpc_id": "vpc-00878864"
                        },
                        "meta": {
                            "schema_version": "1"
                        },
                        "tainted": false
                    },
                    "deposed": [],
                    "provider": ""
                },
                "aws_subnet.dmz.0": {
                    "type": "aws_subnet",
                    "depends_on": [
                        "aws_vpc.vpc",
                        "data.aws_availability_zones.available"
                    ],
                    "primary": {
                        "id": "subnet-7b76b532",
                        "attributes": {
                            "assign_ipv6_address_on_creation": "false",
                            "availability_zone": "ap-southeast-2a",
                            "cidr_block": "10.0.1.0/24",
                            "id": "subnet-7b76b532",
                            "map_public_ip_on_launch": "true",
                            "tags.%": "3",
                            "tags.Environment": "DEV",
                            "tags.Name": "BP-DMZ-0",
                            "tags.Project": "BeePower",
                            "vpc_id": "vpc-00878864"
                        },
                        "meta": {
                            "schema_version": "1"
                        },
                        "tainted": false
                    },
                    "deposed": [],
                    "provider": ""
                },
                "aws_subnet.dmz.1": {
                    "type": "aws_subnet",
                    "depends_on": [
                        "aws_vpc.vpc",
                        "data.aws_availability_zones.available"
                    ],
                    "primary": {
                        "id": "subnet-c8c81baf",
                        "attributes": {
                            "assign_ipv6_address_on_creation": "false",
                            "availability_zone": "ap-southeast-2b",
                            "cidr_block": "10.0.2.0/24",
                            "id": "subnet-c8c81baf",
                            "map_public_ip_on_launch": "true",
                            "tags.%": "3",
                            "tags.Environment": "DEV",
                            "tags.Name": "BP-DMZ-1",
                            "tags.Project": "BeePower",
                            "vpc_id": "vpc-00878864"
                        },
                        "meta": {
                            "schema_version": "1"
                        },
                        "tainted": false
                    },
                    "deposed": [],
                    "provider": ""
                },
                "aws_subnet.services.0": {
                    "type": "aws_subnet",
                    "depends_on": [
                        "aws_vpc.vpc",
                        "data.aws_availability_zones.available"
                    ],
                    "primary": {
                        "id": "subnet-3477b47d",
                        "attributes": {
                            "assign_ipv6_address_on_creation": "false",
                            "availability_zone": "ap-southeast-2a",
                            "cidr_block": "10.0.3.0/24",
                            "id": "subnet-3477b47d",
                            "map_public_ip_on_launch": "false",
                            "tags.%": "3",
                            "tags.Environment": "DEV",
                            "tags.Name": "BP-SERVICES-0",
                            "tags.Project": "BeePower",
                            "vpc_id": "vpc-00878864"
                        },
                        "meta": {
                            "schema_version": "1"
                        },
                        "tainted": false
                    },
                    "deposed": [],
                    "provider": ""
                },
                "aws_subnet.services.1": {
                    "type": "aws_subnet",
                    "depends_on": [
                        "aws_vpc.vpc",
                        "data.aws_availability_zones.available"
                    ],
                    "primary": {
                        "id": "subnet-a9cf1cce",
                        "attributes": {
                            "assign_ipv6_address_on_creation": "false",
                            "availability_zone": "ap-southeast-2b",
                            "cidr_block": "10.0.4.0/24",
                            "id": "subnet-a9cf1cce",
                            "map_public_ip_on_launch": "false",
                            "tags.%": "3",
                            "tags.Environment": "DEV",
                            "tags.Name": "BP-SERVICES-1",
                            "tags.Project": "BeePower",
                            "vpc_id": "vpc-00878864"
                        },
                        "meta": {
                            "schema_version": "1"
                        },
                        "tainted": false
                    },
                    "deposed": [],
                    "provider": ""
                },
                "aws_vpc.vpc": {
                    "type": "aws_vpc",
                    "depends_on": [],
                    "primary": {
                        "id": "vpc-00878864",
                        "attributes": {
                            "assign_generated_ipv6_cidr_block": "false",
                            "cidr_block": "10.0.0.0/16",
                            "default_network_acl_id": "acl-25499742",
                            "default_route_table_id": "rtb-26972341",
                            "default_security_group_id": "sg-8aaccbec",
                            "dhcp_options_id": "dopt-1b05657e",
                            "enable_classiclink": "false",
                            "enable_classiclink_dns_support": "false",
                            "enable_dns_hostnames": "false",
                            "enable_dns_support": "true",
                            "id": "vpc-00878864",
                            "instance_tenancy": "default",
                            "main_route_table_id": "rtb-26972341",
                            "tags.%": "3",
                            "tags.Environment": "DEV",
                            "tags.Name": "BP-VPC",
                            "tags.Project": "BeePower"
                        },
                        "meta": {
                            "schema_version": "1"
                        },
                        "tainted": false
                    },
                    "deposed": [],
                    "provider": ""
                },
                "data.aws_availability_zones.available": {
                    "type": "aws_availability_zones",
                    "depends_on": [],
                    "primary": {
                        "id": "2017-11-07 22:31:43.649619 +0000 UTC",
                        "attributes": {
                            "id": "2017-11-07 22:31:43.649619 +0000 UTC",
                            "names.#": "3",
                            "names.0": "ap-southeast-2a",
                            "names.1": "ap-southeast-2b",
                            "names.2": "ap-southeast-2c"
                        },
                        "meta": {},
                        "tainted": false
                    },
                    "deposed": [],
                    "provider": ""
                }
            },
            "depends_on": []
        }
    ]
}
