{
    "version": 3,
    "terraform_version": "0.10.8",
    "serial": 47,
    "lineage": "ee1f7e86-0e4b-4c51-b1b9-e4f0be0fd2b1",
    "modules": [
        {
            "path": [
                "root"
            ],
            "outputs": {
                "alb_target_group_meter_reads_arn": {
                    "sensitive": false,
                    "type": "string",
                    "value": "arn:aws:elasticloadbalancing:ap-southeast-2:408673749050:targetgroup/BP-MeterReads-TG/714bc431c27cce1a"
                },
                "bastion_server_ip": {
                    "sensitive": false,
                    "type": "string",
                    "value": "52.64.196.37"
                },
                "ecs_cluster_id": {
                    "sensitive": false,
                    "type": "string",
                    "value": "arn:aws:ecs:ap-southeast-2:408673749050:cluster/BP_DEV_Cluster"
                },
                "ecs_nodes_ip": {
                    "sensitive": false,
                    "type": "list",
                    "value": [
                        "10.0.3.65",
                        "10.0.4.204"
                    ]
                },
                "load_balancer_url": {
                    "sensitive": false,
                    "type": "string",
                    "value": "BP-ALB-1050469178.ap-southeast-2.elb.amazonaws.com"
                },
                "vpc_id": {
                    "sensitive": false,
                    "type": "string",
                    "value": "vpc-55aca231"
                }
            },
            "resources": {
                "aws_alb.alb": {
                    "type": "aws_alb",
                    "depends_on": [
                        "aws_security_group.elb-sg",
                        "aws_subnet.dmz.*"
                    ],
                    "primary": {
                        "id": "arn:aws:elasticloadbalancing:ap-southeast-2:408673749050:loadbalancer/app/BP-ALB/822c526aba5bb556",
                        "attributes": {
                            "access_logs.#": "0",
                            "arn": "arn:aws:elasticloadbalancing:ap-southeast-2:408673749050:loadbalancer/app/BP-ALB/822c526aba5bb556",
                            "arn_suffix": "app/BP-ALB/822c526aba5bb556",
                            "dns_name": "BP-ALB-1050469178.ap-southeast-2.elb.amazonaws.com",
                            "enable_deletion_protection": "false",
                            "id": "arn:aws:elasticloadbalancing:ap-southeast-2:408673749050:loadbalancer/app/BP-ALB/822c526aba5bb556",
                            "idle_timeout": "60",
                            "internal": "false",
                            "ip_address_type": "ipv4",
                            "load_balancer_type": "application",
                            "name": "BP-ALB",
                            "security_groups.#": "1",
                            "security_groups.1993045550": "sg-265e3f40",
                            "subnets.#": "2",
                            "subnets.1779940675": "subnet-bcfb29db",
                            "subnets.3112092430": "subnet-328a477b",
                            "tags.%": "3",
                            "tags.Environment": "DEV",
                            "tags.Name": "BP-ALB",
                            "tags.Project": "BeePower",
                            "vpc_id": "vpc-55aca231",
                            "zone_id": "Z1GM3OXH4ZPM65"
                        },
                        "meta": {
                            "e2bfb730-ecaa-11e6-8f88-34363bc7c4c0": {
                                "create": 600000000000,
                                "delete": 600000000000,
                                "update": 600000000000
                            }
                        },
                        "tainted": false
                    },
                    "deposed": [],
                    "provider": ""
                },
                "aws_alb_listener.http": {
                    "type": "aws_alb_listener",
                    "depends_on": [
                        "aws_alb.alb",
                        "aws_alb_target_group.default"
                    ],
                    "primary": {
                        "id": "arn:aws:elasticloadbalancing:ap-southeast-2:408673749050:listener/app/BP-ALB/822c526aba5bb556/195de7f399d7dbb1",
                        "attributes": {
                            "arn": "arn:aws:elasticloadbalancing:ap-southeast-2:408673749050:listener/app/BP-ALB/822c526aba5bb556/195de7f399d7dbb1",
                            "default_action.#": "1",
                            "default_action.0.target_group_arn": "arn:aws:elasticloadbalancing:ap-southeast-2:408673749050:targetgroup/BP-ALB-DEFAULT-TG/edce50e95921c238",
                            "default_action.0.type": "forward",
                            "id": "arn:aws:elasticloadbalancing:ap-southeast-2:408673749050:listener/app/BP-ALB/822c526aba5bb556/195de7f399d7dbb1",
                            "load_balancer_arn": "arn:aws:elasticloadbalancing:ap-southeast-2:408673749050:loadbalancer/app/BP-ALB/822c526aba5bb556",
                            "port": "80",
                            "protocol": "HTTP",
                            "ssl_policy": ""
                        },
                        "meta": {},
                        "tainted": false
                    },
                    "deposed": [],
                    "provider": ""
                },
                "aws_alb_listener_rule.meter_reads": {
                    "type": "aws_alb_listener_rule",
                    "depends_on": [
                        "aws_alb_listener.http",
                        "aws_alb_target_group.meter_reads"
                    ],
                    "primary": {
                        "id": "arn:aws:elasticloadbalancing:ap-southeast-2:408673749050:listener-rule/app/BP-ALB/822c526aba5bb556/195de7f399d7dbb1/98f10a2f74c0af36",
                        "attributes": {
                            "action.#": "1",
                            "action.0.target_group_arn": "arn:aws:elasticloadbalancing:ap-southeast-2:408673749050:targetgroup/BP-MeterReads-TG/714bc431c27cce1a",
                            "action.0.type": "forward",
                            "arn": "arn:aws:elasticloadbalancing:ap-southeast-2:408673749050:listener-rule/app/BP-ALB/822c526aba5bb556/195de7f399d7dbb1/98f10a2f74c0af36",
                            "condition.#": "1",
                            "condition.2551747819.field": "path-pattern",
                            "condition.2551747819.values.#": "1",
                            "condition.2551747819.values.0": "/api/meterReads",
                            "id": "arn:aws:elasticloadbalancing:ap-southeast-2:408673749050:listener-rule/app/BP-ALB/822c526aba5bb556/195de7f399d7dbb1/98f10a2f74c0af36",
                            "listener_arn": "arn:aws:elasticloadbalancing:ap-southeast-2:408673749050:listener/app/BP-ALB/822c526aba5bb556/195de7f399d7dbb1",
                            "priority": "1"
                        },
                        "meta": {},
                        "tainted": false
                    },
                    "deposed": [],
                    "provider": ""
                },
                "aws_alb_target_group.default": {
                    "type": "aws_alb_target_group",
                    "depends_on": [
                        "aws_vpc.vpc"
                    ],
                    "primary": {
                        "id": "arn:aws:elasticloadbalancing:ap-southeast-2:408673749050:targetgroup/BP-ALB-DEFAULT-TG/edce50e95921c238",
                        "attributes": {
                            "arn": "arn:aws:elasticloadbalancing:ap-southeast-2:408673749050:targetgroup/BP-ALB-DEFAULT-TG/edce50e95921c238",
                            "arn_suffix": "targetgroup/BP-ALB-DEFAULT-TG/edce50e95921c238",
                            "deregistration_delay": "300",
                            "health_check.#": "1",
                            "health_check.0.healthy_threshold": "5",
                            "health_check.0.interval": "30",
                            "health_check.0.matcher": "200",
                            "health_check.0.path": "/",
                            "health_check.0.port": "traffic-port",
                            "health_check.0.protocol": "HTTP",
                            "health_check.0.timeout": "5",
                            "health_check.0.unhealthy_threshold": "2",
                            "id": "arn:aws:elasticloadbalancing:ap-southeast-2:408673749050:targetgroup/BP-ALB-DEFAULT-TG/edce50e95921c238",
                            "name": "BP-ALB-DEFAULT-TG",
                            "port": "80",
                            "protocol": "HTTP",
                            "stickiness.#": "1",
                            "stickiness.0.cookie_duration": "86400",
                            "stickiness.0.enabled": "false",
                            "stickiness.0.type": "lb_cookie",
                            "tags.%": "3",
                            "tags.Environment": "DEV",
                            "tags.Name": "BP-ALB-DEFAULT-TG",
                            "tags.Project": "BeePower",
                            "target_type": "instance",
                            "vpc_id": "vpc-55aca231"
                        },
                        "meta": {},
                        "tainted": false
                    },
                    "deposed": [],
                    "provider": ""
                },
                "aws_alb_target_group.meter_reads": {
                    "type": "aws_alb_target_group",
                    "depends_on": [
                        "aws_vpc.vpc"
                    ],
                    "primary": {
                        "id": "arn:aws:elasticloadbalancing:ap-southeast-2:408673749050:targetgroup/BP-MeterReads-TG/714bc431c27cce1a",
                        "attributes": {
                            "arn": "arn:aws:elasticloadbalancing:ap-southeast-2:408673749050:targetgroup/BP-MeterReads-TG/714bc431c27cce1a",
                            "arn_suffix": "targetgroup/BP-MeterReads-TG/714bc431c27cce1a",
                            "deregistration_delay": "300",
                            "health_check.#": "1",
                            "health_check.0.healthy_threshold": "5",
                            "health_check.0.interval": "30",
                            "health_check.0.matcher": "200-299",
                            "health_check.0.path": "/api/meterReads",
                            "health_check.0.port": "traffic-port",
                            "health_check.0.protocol": "HTTP",
                            "health_check.0.timeout": "5",
                            "health_check.0.unhealthy_threshold": "2",
                            "id": "arn:aws:elasticloadbalancing:ap-southeast-2:408673749050:targetgroup/BP-MeterReads-TG/714bc431c27cce1a",
                            "name": "BP-MeterReads-TG",
                            "port": "80",
                            "protocol": "HTTP",
                            "stickiness.#": "1",
                            "stickiness.0.cookie_duration": "86400",
                            "stickiness.0.enabled": "false",
                            "stickiness.0.type": "lb_cookie",
                            "tags.%": "3",
                            "tags.Environment": "DEV",
                            "tags.Name": "BP-MeterReads-TG",
                            "tags.Project": "BeePower",
                            "target_type": "instance",
                            "vpc_id": "vpc-55aca231"
                        },
                        "meta": {},
                        "tainted": false
                    },
                    "deposed": [],
                    "provider": ""
                },
                "aws_ecs_cluster.ecs_cluster": {
                    "type": "aws_ecs_cluster",
                    "depends_on": [],
                    "primary": {
                        "id": "arn:aws:ecs:ap-southeast-2:408673749050:cluster/BP_DEV_Cluster",
                        "attributes": {
                            "id": "arn:aws:ecs:ap-southeast-2:408673749050:cluster/BP_DEV_Cluster",
                            "name": "BP_DEV_Cluster"
                        },
                        "meta": {},
                        "tainted": false
                    },
                    "deposed": [],
                    "provider": ""
                },
                "aws_ecs_service.meter_reads": {
                    "type": "aws_ecs_service",
                    "depends_on": [
                        "aws_alb.alb",
                        "aws_alb_target_group.meter_reads",
                        "aws_ecs_cluster.ecs_cluster",
                        "aws_ecs_task_definition.meter_reads",
                        "data.aws_ecs_task_definition.meter_reads"
                    ],
                    "primary": {
                        "id": "arn:aws:ecs:ap-southeast-2:408673749050:service/MeterReadsService",
                        "attributes": {
                            "cluster": "arn:aws:ecs:ap-southeast-2:408673749050:cluster/BP_DEV_Cluster",
                            "deployment_maximum_percent": "200",
                            "deployment_minimum_healthy_percent": "100",
                            "desired_count": "2",
                            "iam_role": "arn:aws:iam::408673749050:role/ECSServiceRole",
                            "id": "arn:aws:ecs:ap-southeast-2:408673749050:service/MeterReadsService",
                            "load_balancer.#": "1",
                            "load_balancer.4101911694.container_name": "meterReadsContainer",
                            "load_balancer.4101911694.container_port": "80",
                            "load_balancer.4101911694.elb_name": "",
                            "load_balancer.4101911694.target_group_arn": "arn:aws:elasticloadbalancing:ap-southeast-2:408673749050:targetgroup/BP-MeterReads-TG/714bc431c27cce1a",
                            "name": "MeterReadsService",
                            "placement_constraints.#": "0",
                            "placement_strategy.#": "1",
                            "placement_strategy.3619322362.field": "attribute:ecs.availability-zone",
                            "placement_strategy.3619322362.type": "spread",
                            "task_definition": "MeterReads:19"
                        },
                        "meta": {},
                        "tainted": false
                    },
                    "deposed": [],
                    "provider": ""
                },
                "aws_ecs_task_definition.meter_reads": {
                    "type": "aws_ecs_task_definition",
                    "depends_on": [],
                    "primary": {
                        "id": "MeterReads",
                        "attributes": {
                            "arn": "arn:aws:ecs:ap-southeast-2:408673749050:task-definition/MeterReads:19",
                            "container_definitions": "ef04180343806fd016c122213c4abc2f241e0340",
                            "family": "MeterReads",
                            "id": "MeterReads",
                            "network_mode": "",
                            "placement_constraints.#": "0",
                            "revision": "19",
                            "task_role_arn": ""
                        },
                        "meta": {},
                        "tainted": false
                    },
                    "deposed": [],
                    "provider": ""
                },
                "aws_eip.ngw_eips.0": {
                    "type": "aws_eip",
                    "depends_on": [],
                    "primary": {
                        "id": "eipalloc-d6ec99ec",
                        "attributes": {
                            "association_id": "eipassoc-a3022f99",
                            "domain": "vpc",
                            "id": "eipalloc-d6ec99ec",
                            "instance": "",
                            "network_interface": "eni-2fe80e12",
                            "private_ip": "10.0.1.122",
                            "public_ip": "13.210.144.69",
                            "vpc": "true"
                        },
                        "meta": {},
                        "tainted": false
                    },
                    "deposed": [],
                    "provider": ""
                },
                "aws_eip.ngw_eips.1": {
                    "type": "aws_eip",
                    "depends_on": [],
                    "primary": {
                        "id": "eipalloc-a3ec9999",
                        "attributes": {
                            "association_id": "eipassoc-ce062bf4",
                            "domain": "vpc",
                            "id": "eipalloc-a3ec9999",
                            "instance": "",
                            "network_interface": "eni-87b379ac",
                            "private_ip": "10.0.2.246",
                            "public_ip": "13.55.150.217",
                            "vpc": "true"
                        },
                        "meta": {},
                        "tainted": false
                    },
                    "deposed": [],
                    "provider": ""
                },
                "aws_instance.bastion_server": {
                    "type": "aws_instance",
                    "depends_on": [
                        "aws_security_group.bastion-sg",
                        "aws_subnet.dmz.*"
                    ],
                    "primary": {
                        "id": "i-0edffc37757c927b7",
                        "attributes": {
                            "ami": "ami-e2021d81",
                            "associate_public_ip_address": "true",
                            "availability_zone": "ap-southeast-2a",
                            "disable_api_termination": "false",
                            "ebs_block_device.#": "0",
                            "ebs_optimized": "false",
                            "ephemeral_block_device.#": "0",
                            "iam_instance_profile": "",
                            "id": "i-0edffc37757c927b7",
                            "instance_state": "running",
                            "instance_type": "t2.micro",
                            "ipv6_addresses.#": "0",
                            "key_name": "DTL-SYD-SERVERS",
                            "monitoring": "false",
                            "network_interface.#": "0",
                            "network_interface_id": "eni-99ea0ca4",
                            "primary_network_interface_id": "eni-99ea0ca4",
                            "private_dns": "ip-10-0-1-237.ap-southeast-2.compute.internal",
                            "private_ip": "10.0.1.237",
                            "public_dns": "",
                            "public_ip": "52.64.196.37",
                            "root_block_device.#": "1",
                            "root_block_device.0.delete_on_termination": "true",
                            "root_block_device.0.iops": "100",
                            "root_block_device.0.volume_size": "8",
                            "root_block_device.0.volume_type": "gp2",
                            "security_groups.#": "0",
                            "source_dest_check": "true",
                            "subnet_id": "subnet-328a477b",
                            "tags.%": "3",
                            "tags.Environment": "DEV",
                            "tags.Name": "BP-BASTION-SERVER",
                            "tags.Project": "BeePower",
                            "tenancy": "default",
                            "volume_tags.%": "0",
                            "vpc_security_group_ids.#": "1",
                            "vpc_security_group_ids.3506064608": "sg-92a3c2f4"
                        },
                        "meta": {
                            "e2bfb730-ecaa-11e6-8f88-34363bc7c4c0": {
                                "create": 600000000000,
                                "delete": 600000000000,
                                "update": 600000000000
                            },
                            "schema_version": "1"
                        },
                        "tainted": false
                    },
                    "deposed": [],
                    "provider": ""
                },
                "aws_instance.ecs_nodes.0": {
                    "type": "aws_instance",
                    "depends_on": [
                        "aws_security_group.ecs_nodes-sg",
                        "aws_subnet.services.*"
                    ],
                    "primary": {
                        "id": "i-00540b5375008b493",
                        "attributes": {
                            "ami": "ami-4f08e82d",
                            "associate_public_ip_address": "false",
                            "availability_zone": "ap-southeast-2a",
                            "disable_api_termination": "false",
                            "ebs_block_device.#": "1",
                            "ebs_block_device.504524833.delete_on_termination": "true",
                            "ebs_block_device.504524833.device_name": "/dev/xvdcz",
                            "ebs_block_device.504524833.encrypted": "false",
                            "ebs_block_device.504524833.iops": "100",
                            "ebs_block_device.504524833.snapshot_id": "",
                            "ebs_block_device.504524833.volume_size": "22",
                            "ebs_block_device.504524833.volume_type": "gp2",
                            "ebs_optimized": "false",
                            "ephemeral_block_device.#": "0",
                            "iam_instance_profile": "ECSInstanceRole",
                            "id": "i-00540b5375008b493",
                            "instance_state": "running",
                            "instance_type": "t2.micro",
                            "ipv6_addresses.#": "0",
                            "key_name": "DTL-SYD-SERVERS",
                            "monitoring": "false",
                            "network_interface.#": "0",
                            "network_interface_id": "eni-2ced0b11",
                            "primary_network_interface_id": "eni-2ced0b11",
                            "private_dns": "ip-10-0-3-65.ap-southeast-2.compute.internal",
                            "private_ip": "10.0.3.65",
                            "public_dns": "",
                            "public_ip": "",
                            "root_block_device.#": "1",
                            "root_block_device.0.delete_on_termination": "true",
                            "root_block_device.0.iops": "100",
                            "root_block_device.0.volume_size": "8",
                            "root_block_device.0.volume_type": "gp2",
                            "security_groups.#": "0",
                            "source_dest_check": "true",
                            "subnet_id": "subnet-5a8a4713",
                            "tags.%": "3",
                            "tags.Environment": "DEV",
                            "tags.Name": "BP-ECS-NODE-0",
                            "tags.Project": "BeePower",
                            "tenancy": "default",
                            "user_data": "c5becbab4a4a8c9810599f20342904c64aadb55f",
                            "volume_tags.%": "0",
                            "vpc_security_group_ids.#": "1",
                            "vpc_security_group_ids.430236705": "sg-cd5e3fab"
                        },
                        "meta": {
                            "e2bfb730-ecaa-11e6-8f88-34363bc7c4c0": {
                                "create": 600000000000,
                                "delete": 600000000000,
                                "update": 600000000000
                            },
                            "schema_version": "1"
                        },
                        "tainted": false
                    },
                    "deposed": [],
                    "provider": ""
                },
                "aws_instance.ecs_nodes.1": {
                    "type": "aws_instance",
                    "depends_on": [
                        "aws_security_group.ecs_nodes-sg",
                        "aws_subnet.services.*"
                    ],
                    "primary": {
                        "id": "i-0bf43b8635cc40b7b",
                        "attributes": {
                            "ami": "ami-4f08e82d",
                            "associate_public_ip_address": "false",
                            "availability_zone": "ap-southeast-2b",
                            "disable_api_termination": "false",
                            "ebs_block_device.#": "1",
                            "ebs_block_device.504524833.delete_on_termination": "true",
                            "ebs_block_device.504524833.device_name": "/dev/xvdcz",
                            "ebs_block_device.504524833.encrypted": "false",
                            "ebs_block_device.504524833.iops": "100",
                            "ebs_block_device.504524833.snapshot_id": "",
                            "ebs_block_device.504524833.volume_size": "22",
                            "ebs_block_device.504524833.volume_type": "gp2",
                            "ebs_optimized": "false",
                            "ephemeral_block_device.#": "0",
                            "iam_instance_profile": "ECSInstanceRole",
                            "id": "i-0bf43b8635cc40b7b",
                            "instance_state": "running",
                            "instance_type": "t2.micro",
                            "ipv6_addresses.#": "0",
                            "key_name": "DTL-SYD-SERVERS",
                            "monitoring": "false",
                            "network_interface.#": "0",
                            "network_interface_id": "eni-33b47e18",
                            "primary_network_interface_id": "eni-33b47e18",
                            "private_dns": "ip-10-0-4-204.ap-southeast-2.compute.internal",
                            "private_ip": "10.0.4.204",
                            "public_dns": "",
                            "public_ip": "",
                            "root_block_device.#": "1",
                            "root_block_device.0.delete_on_termination": "true",
                            "root_block_device.0.iops": "100",
                            "root_block_device.0.volume_size": "8",
                            "root_block_device.0.volume_type": "gp2",
                            "security_groups.#": "0",
                            "source_dest_check": "true",
                            "subnet_id": "subnet-a7fa28c0",
                            "tags.%": "3",
                            "tags.Environment": "DEV",
                            "tags.Name": "BP-ECS-NODE-1",
                            "tags.Project": "BeePower",
                            "tenancy": "default",
                            "user_data": "c5becbab4a4a8c9810599f20342904c64aadb55f",
                            "volume_tags.%": "0",
                            "vpc_security_group_ids.#": "1",
                            "vpc_security_group_ids.430236705": "sg-cd5e3fab"
                        },
                        "meta": {
                            "e2bfb730-ecaa-11e6-8f88-34363bc7c4c0": {
                                "create": 600000000000,
                                "delete": 600000000000,
                                "update": 600000000000
                            },
                            "schema_version": "1"
                        },
                        "tainted": false
                    },
                    "deposed": [],
                    "provider": ""
                },
                "aws_internet_gateway.igw": {
                    "type": "aws_internet_gateway",
                    "depends_on": [
                        "aws_vpc.vpc"
                    ],
                    "primary": {
                        "id": "igw-bf379adb",
                        "attributes": {
                            "id": "igw-bf379adb",
                            "tags.%": "3",
                            "tags.Environment": "DEV",
                            "tags.Name": "BP-IGW",
                            "tags.Project": "BeePower",
                            "vpc_id": "vpc-55aca231"
                        },
                        "meta": {},
                        "tainted": false
                    },
                    "deposed": [],
                    "provider": ""
                },
                "aws_nat_gateway.ngws.0": {
                    "type": "aws_nat_gateway",
                    "depends_on": [
                        "aws_eip.ngw_eips",
                        "aws_eip.ngw_eips.*",
                        "aws_subnet.dmz.*"
                    ],
                    "primary": {
                        "id": "nat-07a86443e474cae3e",
                        "attributes": {
                            "allocation_id": "eipalloc-d6ec99ec",
                            "id": "nat-07a86443e474cae3e",
                            "network_interface_id": "eni-2fe80e12",
                            "private_ip": "10.0.1.122",
                            "public_ip": "13.210.144.69",
                            "subnet_id": "subnet-328a477b",
                            "tags.%": "3",
                            "tags.Environment": "DEV",
                            "tags.Name": "BP-NGW-0",
                            "tags.Project": "BeePower"
                        },
                        "meta": {},
                        "tainted": false
                    },
                    "deposed": [],
                    "provider": ""
                },
                "aws_nat_gateway.ngws.1": {
                    "type": "aws_nat_gateway",
                    "depends_on": [
                        "aws_eip.ngw_eips",
                        "aws_eip.ngw_eips.*",
                        "aws_subnet.dmz.*"
                    ],
                    "primary": {
                        "id": "nat-04ef9a347d06474e4",
                        "attributes": {
                            "allocation_id": "eipalloc-a3ec9999",
                            "id": "nat-04ef9a347d06474e4",
                            "network_interface_id": "eni-87b379ac",
                            "private_ip": "10.0.2.246",
                            "public_ip": "13.55.150.217",
                            "subnet_id": "subnet-bcfb29db",
                            "tags.%": "3",
                            "tags.Environment": "DEV",
                            "tags.Name": "BP-NGW-1",
                            "tags.Project": "BeePower"
                        },
                        "meta": {},
                        "tainted": false
                    },
                    "deposed": [],
                    "provider": ""
                },
                "aws_route_table.igw_route_table": {
                    "type": "aws_route_table",
                    "depends_on": [
                        "aws_internet_gateway.igw",
                        "aws_vpc.vpc"
                    ],
                    "primary": {
                        "id": "rtb-6740f700",
                        "attributes": {
                            "id": "rtb-6740f700",
                            "propagating_vgws.#": "0",
                            "route.#": "1",
                            "route.2888048446.cidr_block": "0.0.0.0/0",
                            "route.2888048446.egress_only_gateway_id": "",
                            "route.2888048446.gateway_id": "igw-bf379adb",
                            "route.2888048446.instance_id": "",
                            "route.2888048446.ipv6_cidr_block": "",
                            "route.2888048446.nat_gateway_id": "",
                            "route.2888048446.network_interface_id": "",
                            "route.2888048446.vpc_peering_connection_id": "",
                            "tags.%": "3",
                            "tags.Environment": "DEV",
                            "tags.Name": "BP-RT-IGW",
                            "tags.Project": "BeePower",
                            "vpc_id": "vpc-55aca231"
                        },
                        "meta": {},
                        "tainted": false
                    },
                    "deposed": [],
                    "provider": ""
                },
                "aws_route_table.ngw_route_tables.0": {
                    "type": "aws_route_table",
                    "depends_on": [
                        "aws_nat_gateway.ngws",
                        "aws_nat_gateway.ngws.*",
                        "aws_vpc.vpc"
                    ],
                    "primary": {
                        "id": "rtb-7343f414",
                        "attributes": {
                            "id": "rtb-7343f414",
                            "propagating_vgws.#": "0",
                            "route.#": "1",
                            "route.511950984.cidr_block": "0.0.0.0/0",
                            "route.511950984.egress_only_gateway_id": "",
                            "route.511950984.gateway_id": "nat-07a86443e474cae3e",
                            "route.511950984.instance_id": "",
                            "route.511950984.ipv6_cidr_block": "",
                            "route.511950984.nat_gateway_id": "",
                            "route.511950984.network_interface_id": "",
                            "route.511950984.vpc_peering_connection_id": "",
                            "tags.%": "3",
                            "tags.Environment": "DEV",
                            "tags.Name": "BP-RT-NGW-0",
                            "tags.Project": "BeePower",
                            "vpc_id": "vpc-55aca231"
                        },
                        "meta": {},
                        "tainted": false
                    },
                    "deposed": [],
                    "provider": ""
                },
                "aws_route_table.ngw_route_tables.1": {
                    "type": "aws_route_table",
                    "depends_on": [
                        "aws_nat_gateway.ngws",
                        "aws_nat_gateway.ngws.*",
                        "aws_vpc.vpc"
                    ],
                    "primary": {
                        "id": "rtb-4d45f22a",
                        "attributes": {
                            "id": "rtb-4d45f22a",
                            "propagating_vgws.#": "0",
                            "route.#": "1",
                            "route.301269870.cidr_block": "0.0.0.0/0",
                            "route.301269870.egress_only_gateway_id": "",
                            "route.301269870.gateway_id": "nat-04ef9a347d06474e4",
                            "route.301269870.instance_id": "",
                            "route.301269870.ipv6_cidr_block": "",
                            "route.301269870.nat_gateway_id": "",
                            "route.301269870.network_interface_id": "",
                            "route.301269870.vpc_peering_connection_id": "",
                            "tags.%": "3",
                            "tags.Environment": "DEV",
                            "tags.Name": "BP-RT-NGW-1",
                            "tags.Project": "BeePower",
                            "vpc_id": "vpc-55aca231"
                        },
                        "meta": {},
                        "tainted": false
                    },
                    "deposed": [],
                    "provider": ""
                },
                "aws_route_table_association.route_table_dbs_bridge.0": {
                    "type": "aws_route_table_association",
                    "depends_on": [
                        "aws_route_table.ngw_route_tables.*",
                        "aws_subnet.dbs",
                        "aws_subnet.dbs.*"
                    ],
                    "primary": {
                        "id": "rtbassoc-2e8f5248",
                        "attributes": {
                            "id": "rtbassoc-2e8f5248",
                            "route_table_id": "rtb-7343f414",
                            "subnet_id": "subnet-3a874a73"
                        },
                        "meta": {},
                        "tainted": false
                    },
                    "deposed": [],
                    "provider": ""
                },
                "aws_route_table_association.route_table_dbs_bridge.1": {
                    "type": "aws_route_table_association",
                    "depends_on": [
                        "aws_route_table.ngw_route_tables.*",
                        "aws_subnet.dbs",
                        "aws_subnet.dbs.*"
                    ],
                    "primary": {
                        "id": "rtbassoc-fa85589c",
                        "attributes": {
                            "id": "rtbassoc-fa85589c",
                            "route_table_id": "rtb-4d45f22a",
                            "subnet_id": "subnet-78fb291f"
                        },
                        "meta": {},
                        "tainted": false
                    },
                    "deposed": [],
                    "provider": ""
                },
                "aws_route_table_association.route_table_dmz_bridge.0": {
                    "type": "aws_route_table_association",
                    "depends_on": [
                        "aws_route_table.igw_route_table",
                        "aws_subnet.dmz",
                        "aws_subnet.dmz.*"
                    ],
                    "primary": {
                        "id": "rtbassoc-b68954d0",
                        "attributes": {
                            "id": "rtbassoc-b68954d0",
                            "route_table_id": "rtb-6740f700",
                            "subnet_id": "subnet-328a477b"
                        },
                        "meta": {},
                        "tainted": false
                    },
                    "deposed": [],
                    "provider": ""
                },
                "aws_route_table_association.route_table_dmz_bridge.1": {
                    "type": "aws_route_table_association",
                    "depends_on": [
                        "aws_route_table.igw_route_table",
                        "aws_subnet.dmz",
                        "aws_subnet.dmz.*"
                    ],
                    "primary": {
                        "id": "rtbassoc-d28b56b4",
                        "attributes": {
                            "id": "rtbassoc-d28b56b4",
                            "route_table_id": "rtb-6740f700",
                            "subnet_id": "subnet-bcfb29db"
                        },
                        "meta": {},
                        "tainted": false
                    },
                    "deposed": [],
                    "provider": ""
                },
                "aws_route_table_association.route_table_services_bridge.0": {
                    "type": "aws_route_table_association",
                    "depends_on": [
                        "aws_route_table.ngw_route_tables.*",
                        "aws_subnet.services",
                        "aws_subnet.services.*"
                    ],
                    "primary": {
                        "id": "rtbassoc-638b5605",
                        "attributes": {
                            "id": "rtbassoc-638b5605",
                            "route_table_id": "rtb-7343f414",
                            "subnet_id": "subnet-5a8a4713"
                        },
                        "meta": {},
                        "tainted": false
                    },
                    "deposed": [],
                    "provider": ""
                },
                "aws_route_table_association.route_table_services_bridge.1": {
                    "type": "aws_route_table_association",
                    "depends_on": [
                        "aws_route_table.ngw_route_tables.*",
                        "aws_subnet.services",
                        "aws_subnet.services.*"
                    ],
                    "primary": {
                        "id": "rtbassoc-858954e3",
                        "attributes": {
                            "id": "rtbassoc-858954e3",
                            "route_table_id": "rtb-4d45f22a",
                            "subnet_id": "subnet-a7fa28c0"
                        },
                        "meta": {},
                        "tainted": false
                    },
                    "deposed": [],
                    "provider": ""
                },
                "aws_security_group.bastion-sg": {
                    "type": "aws_security_group",
                    "depends_on": [
                        "aws_vpc.vpc"
                    ],
                    "primary": {
                        "id": "sg-92a3c2f4",
                        "attributes": {
                            "description": "Managed by Terraform",
                            "egress.#": "1",
                            "egress.482069346.cidr_blocks.#": "1",
                            "egress.482069346.cidr_blocks.0": "0.0.0.0/0",
                            "egress.482069346.description": "",
                            "egress.482069346.from_port": "0",
                            "egress.482069346.ipv6_cidr_blocks.#": "0",
                            "egress.482069346.prefix_list_ids.#": "0",
                            "egress.482069346.protocol": "-1",
                            "egress.482069346.security_groups.#": "0",
                            "egress.482069346.self": "false",
                            "egress.482069346.to_port": "0",
                            "id": "sg-92a3c2f4",
                            "ingress.#": "1",
                            "ingress.2541437006.cidr_blocks.#": "1",
                            "ingress.2541437006.cidr_blocks.0": "0.0.0.0/0",
                            "ingress.2541437006.description": "",
                            "ingress.2541437006.from_port": "22",
                            "ingress.2541437006.ipv6_cidr_blocks.#": "0",
                            "ingress.2541437006.protocol": "tcp",
                            "ingress.2541437006.security_groups.#": "0",
                            "ingress.2541437006.self": "false",
                            "ingress.2541437006.to_port": "22",
                            "name": "BP-SG-BASTION",
                            "owner_id": "408673749050",
                            "revoke_rules_on_delete": "false",
                            "tags.%": "0",
                            "vpc_id": "vpc-55aca231"
                        },
                        "meta": {
                            "schema_version": "1"
                        },
                        "tainted": false
                    },
                    "deposed": [],
                    "provider": ""
                },
                "aws_security_group.ecs_nodes-sg": {
                    "type": "aws_security_group",
                    "depends_on": [
                        "aws_security_group.elb-sg",
                        "aws_vpc.vpc"
                    ],
                    "primary": {
                        "id": "sg-cd5e3fab",
                        "attributes": {
                            "description": "Managed by Terraform",
                            "egress.#": "1",
                            "egress.482069346.cidr_blocks.#": "1",
                            "egress.482069346.cidr_blocks.0": "0.0.0.0/0",
                            "egress.482069346.description": "",
                            "egress.482069346.from_port": "0",
                            "egress.482069346.ipv6_cidr_blocks.#": "0",
                            "egress.482069346.prefix_list_ids.#": "0",
                            "egress.482069346.protocol": "-1",
                            "egress.482069346.security_groups.#": "0",
                            "egress.482069346.self": "false",
                            "egress.482069346.to_port": "0",
                            "id": "sg-cd5e3fab",
                            "ingress.#": "2",
                            "ingress.4105294770.cidr_blocks.#": "0",
                            "ingress.4105294770.description": "",
                            "ingress.4105294770.from_port": "0",
                            "ingress.4105294770.ipv6_cidr_blocks.#": "0",
                            "ingress.4105294770.protocol": "tcp",
                            "ingress.4105294770.security_groups.#": "1",
                            "ingress.4105294770.security_groups.1993045550": "sg-265e3f40",
                            "ingress.4105294770.self": "false",
                            "ingress.4105294770.to_port": "65535",
                            "ingress.931551850.cidr_blocks.#": "1",
                            "ingress.931551850.cidr_blocks.0": "10.0.0.0/16",
                            "ingress.931551850.description": "",
                            "ingress.931551850.from_port": "22",
                            "ingress.931551850.ipv6_cidr_blocks.#": "0",
                            "ingress.931551850.protocol": "tcp",
                            "ingress.931551850.security_groups.#": "0",
                            "ingress.931551850.self": "false",
                            "ingress.931551850.to_port": "22",
                            "name": "BP-SG-ECS-NODES",
                            "owner_id": "408673749050",
                            "revoke_rules_on_delete": "false",
                            "tags.%": "0",
                            "vpc_id": "vpc-55aca231"
                        },
                        "meta": {
                            "schema_version": "1"
                        },
                        "tainted": false
                    },
                    "deposed": [],
                    "provider": ""
                },
                "aws_security_group.elb-sg": {
                    "type": "aws_security_group",
                    "depends_on": [
                        "aws_vpc.vpc"
                    ],
                    "primary": {
                        "id": "sg-265e3f40",
                        "attributes": {
                            "description": "Managed by Terraform",
                            "egress.#": "1",
                            "egress.482069346.cidr_blocks.#": "1",
                            "egress.482069346.cidr_blocks.0": "0.0.0.0/0",
                            "egress.482069346.description": "",
                            "egress.482069346.from_port": "0",
                            "egress.482069346.ipv6_cidr_blocks.#": "0",
                            "egress.482069346.prefix_list_ids.#": "0",
                            "egress.482069346.protocol": "-1",
                            "egress.482069346.security_groups.#": "0",
                            "egress.482069346.self": "false",
                            "egress.482069346.to_port": "0",
                            "id": "sg-265e3f40",
                            "ingress.#": "1",
                            "ingress.2214680975.cidr_blocks.#": "1",
                            "ingress.2214680975.cidr_blocks.0": "0.0.0.0/0",
                            "ingress.2214680975.description": "",
                            "ingress.2214680975.from_port": "80",
                            "ingress.2214680975.ipv6_cidr_blocks.#": "0",
                            "ingress.2214680975.protocol": "tcp",
                            "ingress.2214680975.security_groups.#": "0",
                            "ingress.2214680975.self": "false",
                            "ingress.2214680975.to_port": "80",
                            "name": "BP-SG-ELB",
                            "owner_id": "408673749050",
                            "revoke_rules_on_delete": "false",
                            "tags.%": "0",
                            "vpc_id": "vpc-55aca231"
                        },
                        "meta": {
                            "schema_version": "1"
                        },
                        "tainted": false
                    },
                    "deposed": [],
                    "provider": ""
                },
                "aws_subnet.dbs.0": {
                    "type": "aws_subnet",
                    "depends_on": [
                        "aws_vpc.vpc",
                        "data.aws_availability_zones.available"
                    ],
                    "primary": {
                        "id": "subnet-3a874a73",
                        "attributes": {
                            "assign_ipv6_address_on_creation": "false",
                            "availability_zone": "ap-southeast-2a",
                            "cidr_block": "10.0.5.0/24",
                            "id": "subnet-3a874a73",
                            "map_public_ip_on_launch": "false",
                            "tags.%": "3",
                            "tags.Environment": "DEV",
                            "tags.Name": "BP-DBS-0",
                            "tags.Project": "BeePower",
                            "vpc_id": "vpc-55aca231"
                        },
                        "meta": {
                            "schema_version": "1"
                        },
                        "tainted": false
                    },
                    "deposed": [],
                    "provider": ""
                },
                "aws_subnet.dbs.1": {
                    "type": "aws_subnet",
                    "depends_on": [
                        "aws_vpc.vpc",
                        "data.aws_availability_zones.available"
                    ],
                    "primary": {
                        "id": "subnet-78fb291f",
                        "attributes": {
                            "assign_ipv6_address_on_creation": "false",
                            "availability_zone": "ap-southeast-2b",
                            "cidr_block": "10.0.6.0/24",
                            "id": "subnet-78fb291f",
                            "map_public_ip_on_launch": "false",
                            "tags.%": "3",
                            "tags.Environment": "DEV",
                            "tags.Name": "BP-DBS-1",
                            "tags.Project": "BeePower",
                            "vpc_id": "vpc-55aca231"
                        },
                        "meta": {
                            "schema_version": "1"
                        },
                        "tainted": false
                    },
                    "deposed": [],
                    "provider": ""
                },
                "aws_subnet.dmz.0": {
                    "type": "aws_subnet",
                    "depends_on": [
                        "aws_vpc.vpc",
                        "data.aws_availability_zones.available"
                    ],
                    "primary": {
                        "id": "subnet-328a477b",
                        "attributes": {
                            "assign_ipv6_address_on_creation": "false",
                            "availability_zone": "ap-southeast-2a",
                            "cidr_block": "10.0.1.0/24",
                            "id": "subnet-328a477b",
                            "map_public_ip_on_launch": "true",
                            "tags.%": "3",
                            "tags.Environment": "DEV",
                            "tags.Name": "BP-DMZ-0",
                            "tags.Project": "BeePower",
                            "vpc_id": "vpc-55aca231"
                        },
                        "meta": {
                            "schema_version": "1"
                        },
                        "tainted": false
                    },
                    "deposed": [],
                    "provider": ""
                },
                "aws_subnet.dmz.1": {
                    "type": "aws_subnet",
                    "depends_on": [
                        "aws_vpc.vpc",
                        "data.aws_availability_zones.available"
                    ],
                    "primary": {
                        "id": "subnet-bcfb29db",
                        "attributes": {
                            "assign_ipv6_address_on_creation": "false",
                            "availability_zone": "ap-southeast-2b",
                            "cidr_block": "10.0.2.0/24",
                            "id": "subnet-bcfb29db",
                            "map_public_ip_on_launch": "true",
                            "tags.%": "3",
                            "tags.Environment": "DEV",
                            "tags.Name": "BP-DMZ-1",
                            "tags.Project": "BeePower",
                            "vpc_id": "vpc-55aca231"
                        },
                        "meta": {
                            "schema_version": "1"
                        },
                        "tainted": false
                    },
                    "deposed": [],
                    "provider": ""
                },
                "aws_subnet.services.0": {
                    "type": "aws_subnet",
                    "depends_on": [
                        "aws_vpc.vpc",
                        "data.aws_availability_zones.available"
                    ],
                    "primary": {
                        "id": "subnet-5a8a4713",
                        "attributes": {
                            "assign_ipv6_address_on_creation": "false",
                            "availability_zone": "ap-southeast-2a",
                            "cidr_block": "10.0.3.0/24",
                            "id": "subnet-5a8a4713",
                            "map_public_ip_on_launch": "false",
                            "tags.%": "3",
                            "tags.Environment": "DEV",
                            "tags.Name": "BP-SERVICES-0",
                            "tags.Project": "BeePower",
                            "vpc_id": "vpc-55aca231"
                        },
                        "meta": {
                            "schema_version": "1"
                        },
                        "tainted": false
                    },
                    "deposed": [],
                    "provider": ""
                },
                "aws_subnet.services.1": {
                    "type": "aws_subnet",
                    "depends_on": [
                        "aws_vpc.vpc",
                        "data.aws_availability_zones.available"
                    ],
                    "primary": {
                        "id": "subnet-a7fa28c0",
                        "attributes": {
                            "assign_ipv6_address_on_creation": "false",
                            "availability_zone": "ap-southeast-2b",
                            "cidr_block": "10.0.4.0/24",
                            "id": "subnet-a7fa28c0",
                            "map_public_ip_on_launch": "false",
                            "tags.%": "3",
                            "tags.Environment": "DEV",
                            "tags.Name": "BP-SERVICES-1",
                            "tags.Project": "BeePower",
                            "vpc_id": "vpc-55aca231"
                        },
                        "meta": {
                            "schema_version": "1"
                        },
                        "tainted": false
                    },
                    "deposed": [],
                    "provider": ""
                },
                "aws_vpc.vpc": {
                    "type": "aws_vpc",
                    "depends_on": [],
                    "primary": {
                        "id": "vpc-55aca231",
                        "attributes": {
                            "assign_generated_ipv6_cidr_block": "false",
                            "cidr_block": "10.0.0.0/16",
                            "default_network_acl_id": "acl-eb974f8c",
                            "default_route_table_id": "rtb-3143f456",
                            "default_security_group_id": "sg-70a1c016",
                            "dhcp_options_id": "dopt-1b05657e",
                            "enable_classiclink": "false",
                            "enable_classiclink_dns_support": "false",
                            "enable_dns_hostnames": "false",
                            "enable_dns_support": "true",
                            "id": "vpc-55aca231",
                            "instance_tenancy": "default",
                            "main_route_table_id": "rtb-3143f456",
                            "tags.%": "3",
                            "tags.Environment": "DEV",
                            "tags.Name": "BP-VPC",
                            "tags.Project": "BeePower"
                        },
                        "meta": {
                            "schema_version": "1"
                        },
                        "tainted": false
                    },
                    "deposed": [],
                    "provider": ""
                },
                "data.aws_availability_zones.available": {
                    "type": "aws_availability_zones",
                    "depends_on": [],
                    "primary": {
                        "id": "2017-11-08 23:41:00.087303 +0000 UTC",
                        "attributes": {
                            "id": "2017-11-08 23:41:00.087303 +0000 UTC",
                            "names.#": "3",
                            "names.0": "ap-southeast-2a",
                            "names.1": "ap-southeast-2b",
                            "names.2": "ap-southeast-2c"
                        },
                        "meta": {},
                        "tainted": false
                    },
                    "deposed": [],
                    "provider": ""
                },
                "data.aws_ecs_task_definition.meter_reads": {
                    "type": "aws_ecs_task_definition",
                    "depends_on": [
                        "aws_ecs_task_definition.meter_reads"
                    ],
                    "primary": {
                        "id": "arn:aws:ecs:ap-southeast-2:408673749050:task-definition/MeterReads:18",
                        "attributes": {
                            "family": "MeterReads",
                            "id": "arn:aws:ecs:ap-southeast-2:408673749050:task-definition/MeterReads:18",
                            "network_mode": "",
                            "revision": "18",
                            "status": "ACTIVE",
                            "task_definition": "MeterReads",
                            "task_role_arn": ""
                        },
                        "meta": {},
                        "tainted": false
                    },
                    "deposed": [],
                    "provider": ""
                }
            },
            "depends_on": []
        }
    ]
}
