{
    "version": 3,
    "terraform_version": "0.10.8",
    "serial": 50,
    "lineage": "ee1f7e86-0e4b-4c51-b1b9-e4f0be0fd2b1",
    "modules": [
        {
            "path": [
                "root"
            ],
            "outputs": {
                "alb_target_group_meter_reads_arn": {
                    "sensitive": false,
                    "type": "string",
                    "value": "arn:aws:elasticloadbalancing:ap-southeast-2:408673749050:targetgroup/BP-MeterReads-TG/7311e03b2c217d15"
                },
                "bastion_server_ip": {
                    "sensitive": false,
                    "type": "string",
                    "value": "54.153.210.246"
                },
                "ecs_cluster_id": {
                    "sensitive": false,
                    "type": "string",
                    "value": "arn:aws:ecs:ap-southeast-2:408673749050:cluster/BP_DEV_Cluster"
                },
                "ecs_nodes_ip": {
                    "sensitive": false,
                    "type": "list",
                    "value": [
                        "10.0.3.116",
                        "10.0.4.209"
                    ]
                },
                "load_balancer_url": {
                    "sensitive": false,
                    "type": "string",
                    "value": "BP-ALB-134893295.ap-southeast-2.elb.amazonaws.com"
                },
                "vpc_id": {
                    "sensitive": false,
                    "type": "string",
                    "value": "vpc-dbb1b8bf"
                }
            },
            "resources": {
                "aws_alb.alb": {
                    "type": "aws_alb",
                    "depends_on": [
                        "aws_security_group.elb-sg",
                        "aws_subnet.dmz.*"
                    ],
                    "primary": {
                        "id": "arn:aws:elasticloadbalancing:ap-southeast-2:408673749050:loadbalancer/app/BP-ALB/f362b624e9c920f3",
                        "attributes": {
                            "access_logs.#": "0",
                            "arn": "arn:aws:elasticloadbalancing:ap-southeast-2:408673749050:loadbalancer/app/BP-ALB/f362b624e9c920f3",
                            "arn_suffix": "app/BP-ALB/f362b624e9c920f3",
                            "dns_name": "BP-ALB-134893295.ap-southeast-2.elb.amazonaws.com",
                            "enable_deletion_protection": "false",
                            "id": "arn:aws:elasticloadbalancing:ap-southeast-2:408673749050:loadbalancer/app/BP-ALB/f362b624e9c920f3",
                            "idle_timeout": "60",
                            "internal": "false",
                            "ip_address_type": "ipv4",
                            "load_balancer_type": "application",
                            "name": "BP-ALB",
                            "security_groups.#": "1",
                            "security_groups.3709991501": "sg-8a83e0ec",
                            "subnets.#": "2",
                            "subnets.266774864": "subnet-5bf12c3c",
                            "subnets.3622603524": "subnet-ae9c50e7",
                            "tags.%": "3",
                            "tags.Environment": "DEV",
                            "tags.Name": "BP-ALB",
                            "tags.Project": "BeePower",
                            "vpc_id": "vpc-dbb1b8bf",
                            "zone_id": "Z1GM3OXH4ZPM65"
                        },
                        "meta": {
                            "e2bfb730-ecaa-11e6-8f88-34363bc7c4c0": {
                                "create": 600000000000,
                                "delete": 600000000000,
                                "update": 600000000000
                            }
                        },
                        "tainted": false
                    },
                    "deposed": [],
                    "provider": ""
                },
                "aws_alb_listener.http": {
                    "type": "aws_alb_listener",
                    "depends_on": [
                        "aws_alb.alb",
                        "aws_alb_target_group.default"
                    ],
                    "primary": {
                        "id": "arn:aws:elasticloadbalancing:ap-southeast-2:408673749050:listener/app/BP-ALB/f362b624e9c920f3/7f6c8a0bed3c56be",
                        "attributes": {
                            "arn": "arn:aws:elasticloadbalancing:ap-southeast-2:408673749050:listener/app/BP-ALB/f362b624e9c920f3/7f6c8a0bed3c56be",
                            "default_action.#": "1",
                            "default_action.0.target_group_arn": "arn:aws:elasticloadbalancing:ap-southeast-2:408673749050:targetgroup/BP-ALB-DEFAULT-TG/c06aa691844c7761",
                            "default_action.0.type": "forward",
                            "id": "arn:aws:elasticloadbalancing:ap-southeast-2:408673749050:listener/app/BP-ALB/f362b624e9c920f3/7f6c8a0bed3c56be",
                            "load_balancer_arn": "arn:aws:elasticloadbalancing:ap-southeast-2:408673749050:loadbalancer/app/BP-ALB/f362b624e9c920f3",
                            "port": "80",
                            "protocol": "HTTP",
                            "ssl_policy": ""
                        },
                        "meta": {},
                        "tainted": false
                    },
                    "deposed": [],
                    "provider": ""
                },
                "aws_alb_listener_rule.meter_reads": {
                    "type": "aws_alb_listener_rule",
                    "depends_on": [
                        "aws_alb_listener.http",
                        "aws_alb_target_group.meter_reads"
                    ],
                    "primary": {
                        "id": "arn:aws:elasticloadbalancing:ap-southeast-2:408673749050:listener-rule/app/BP-ALB/f362b624e9c920f3/7f6c8a0bed3c56be/778c02727d63d8cb",
                        "attributes": {
                            "action.#": "1",
                            "action.0.target_group_arn": "arn:aws:elasticloadbalancing:ap-southeast-2:408673749050:targetgroup/BP-MeterReads-TG/7311e03b2c217d15",
                            "action.0.type": "forward",
                            "arn": "arn:aws:elasticloadbalancing:ap-southeast-2:408673749050:listener-rule/app/BP-ALB/f362b624e9c920f3/7f6c8a0bed3c56be/778c02727d63d8cb",
                            "condition.#": "1",
                            "condition.2551747819.field": "path-pattern",
                            "condition.2551747819.values.#": "1",
                            "condition.2551747819.values.0": "/api/meterReads",
                            "id": "arn:aws:elasticloadbalancing:ap-southeast-2:408673749050:listener-rule/app/BP-ALB/f362b624e9c920f3/7f6c8a0bed3c56be/778c02727d63d8cb",
                            "listener_arn": "arn:aws:elasticloadbalancing:ap-southeast-2:408673749050:listener/app/BP-ALB/f362b624e9c920f3/7f6c8a0bed3c56be",
                            "priority": "1"
                        },
                        "meta": {},
                        "tainted": false
                    },
                    "deposed": [],
                    "provider": ""
                },
                "aws_alb_target_group.default": {
                    "type": "aws_alb_target_group",
                    "depends_on": [
                        "aws_vpc.vpc"
                    ],
                    "primary": {
                        "id": "arn:aws:elasticloadbalancing:ap-southeast-2:408673749050:targetgroup/BP-ALB-DEFAULT-TG/c06aa691844c7761",
                        "attributes": {
                            "arn": "arn:aws:elasticloadbalancing:ap-southeast-2:408673749050:targetgroup/BP-ALB-DEFAULT-TG/c06aa691844c7761",
                            "arn_suffix": "targetgroup/BP-ALB-DEFAULT-TG/c06aa691844c7761",
                            "deregistration_delay": "300",
                            "health_check.#": "1",
                            "health_check.0.healthy_threshold": "5",
                            "health_check.0.interval": "30",
                            "health_check.0.matcher": "200",
                            "health_check.0.path": "/",
                            "health_check.0.port": "traffic-port",
                            "health_check.0.protocol": "HTTP",
                            "health_check.0.timeout": "5",
                            "health_check.0.unhealthy_threshold": "2",
                            "id": "arn:aws:elasticloadbalancing:ap-southeast-2:408673749050:targetgroup/BP-ALB-DEFAULT-TG/c06aa691844c7761",
                            "name": "BP-ALB-DEFAULT-TG",
                            "port": "80",
                            "protocol": "HTTP",
                            "stickiness.#": "1",
                            "stickiness.0.cookie_duration": "86400",
                            "stickiness.0.enabled": "false",
                            "stickiness.0.type": "lb_cookie",
                            "tags.%": "3",
                            "tags.Environment": "DEV",
                            "tags.Name": "BP-ALB-DEFAULT-TG",
                            "tags.Project": "BeePower",
                            "target_type": "instance",
                            "vpc_id": "vpc-dbb1b8bf"
                        },
                        "meta": {},
                        "tainted": false
                    },
                    "deposed": [],
                    "provider": ""
                },
                "aws_alb_target_group.meter_reads": {
                    "type": "aws_alb_target_group",
                    "depends_on": [
                        "aws_vpc.vpc"
                    ],
                    "primary": {
                        "id": "arn:aws:elasticloadbalancing:ap-southeast-2:408673749050:targetgroup/BP-MeterReads-TG/7311e03b2c217d15",
                        "attributes": {
                            "arn": "arn:aws:elasticloadbalancing:ap-southeast-2:408673749050:targetgroup/BP-MeterReads-TG/7311e03b2c217d15",
                            "arn_suffix": "targetgroup/BP-MeterReads-TG/7311e03b2c217d15",
                            "deregistration_delay": "300",
                            "health_check.#": "1",
                            "health_check.0.healthy_threshold": "5",
                            "health_check.0.interval": "30",
                            "health_check.0.matcher": "200-299",
                            "health_check.0.path": "/api/meterReads",
                            "health_check.0.port": "traffic-port",
                            "health_check.0.protocol": "HTTP",
                            "health_check.0.timeout": "5",
                            "health_check.0.unhealthy_threshold": "2",
                            "id": "arn:aws:elasticloadbalancing:ap-southeast-2:408673749050:targetgroup/BP-MeterReads-TG/7311e03b2c217d15",
                            "name": "BP-MeterReads-TG",
                            "port": "80",
                            "protocol": "HTTP",
                            "stickiness.#": "1",
                            "stickiness.0.cookie_duration": "86400",
                            "stickiness.0.enabled": "false",
                            "stickiness.0.type": "lb_cookie",
                            "tags.%": "3",
                            "tags.Environment": "DEV",
                            "tags.Name": "BP-MeterReads-TG",
                            "tags.Project": "BeePower",
                            "target_type": "instance",
                            "vpc_id": "vpc-dbb1b8bf"
                        },
                        "meta": {},
                        "tainted": false
                    },
                    "deposed": [],
                    "provider": ""
                },
                "aws_ecs_cluster.ecs_cluster": {
                    "type": "aws_ecs_cluster",
                    "depends_on": [],
                    "primary": {
                        "id": "arn:aws:ecs:ap-southeast-2:408673749050:cluster/BP_DEV_Cluster",
                        "attributes": {
                            "id": "arn:aws:ecs:ap-southeast-2:408673749050:cluster/BP_DEV_Cluster",
                            "name": "BP_DEV_Cluster"
                        },
                        "meta": {},
                        "tainted": false
                    },
                    "deposed": [],
                    "provider": ""
                },
                "aws_ecs_service.meter_reads": {
                    "type": "aws_ecs_service",
                    "depends_on": [
                        "aws_alb.alb",
                        "aws_alb_target_group.meter_reads",
                        "aws_ecs_cluster.ecs_cluster",
                        "aws_ecs_task_definition.meter_reads",
                        "data.aws_ecs_task_definition.meter_reads"
                    ],
                    "primary": {
                        "id": "arn:aws:ecs:ap-southeast-2:408673749050:service/MeterReadsService",
                        "attributes": {
                            "cluster": "arn:aws:ecs:ap-southeast-2:408673749050:cluster/BP_DEV_Cluster",
                            "deployment_maximum_percent": "200",
                            "deployment_minimum_healthy_percent": "100",
                            "desired_count": "2",
                            "iam_role": "arn:aws:iam::408673749050:role/ECSServiceRole",
                            "id": "arn:aws:ecs:ap-southeast-2:408673749050:service/MeterReadsService",
                            "load_balancer.#": "1",
                            "load_balancer.2932879041.container_name": "meterReadsContainer",
                            "load_balancer.2932879041.container_port": "80",
                            "load_balancer.2932879041.elb_name": "",
                            "load_balancer.2932879041.target_group_arn": "arn:aws:elasticloadbalancing:ap-southeast-2:408673749050:targetgroup/BP-MeterReads-TG/7311e03b2c217d15",
                            "name": "MeterReadsService",
                            "placement_constraints.#": "0",
                            "placement_strategy.#": "1",
                            "placement_strategy.3619322362.field": "attribute:ecs.availability-zone",
                            "placement_strategy.3619322362.type": "spread",
                            "task_definition": "MeterReads:20"
                        },
                        "meta": {},
                        "tainted": false
                    },
                    "deposed": [],
                    "provider": ""
                },
                "aws_ecs_task_definition.meter_reads": {
                    "type": "aws_ecs_task_definition",
                    "depends_on": [],
                    "primary": {
                        "id": "MeterReads",
                        "attributes": {
                            "arn": "arn:aws:ecs:ap-southeast-2:408673749050:task-definition/MeterReads:20",
                            "container_definitions": "a8044bc7d8f43ace4153de6a5ac14cb5e2505618",
                            "family": "MeterReads",
                            "id": "MeterReads",
                            "network_mode": "",
                            "placement_constraints.#": "0",
                            "revision": "20",
                            "task_role_arn": ""
                        },
                        "meta": {},
                        "tainted": false
                    },
                    "deposed": [],
                    "provider": ""
                },
                "aws_eip.ngw_eips.0": {
                    "type": "aws_eip",
                    "depends_on": [],
                    "primary": {
                        "id": "eipalloc-a1ef9b9b",
                        "attributes": {
                            "association_id": "",
                            "domain": "vpc",
                            "id": "eipalloc-a1ef9b9b",
                            "instance": "",
                            "network_interface": "",
                            "private_ip": "",
                            "public_ip": "13.210.196.81",
                            "vpc": "true"
                        },
                        "meta": {},
                        "tainted": false
                    },
                    "deposed": [],
                    "provider": ""
                },
                "aws_eip.ngw_eips.1": {
                    "type": "aws_eip",
                    "depends_on": [],
                    "primary": {
                        "id": "eipalloc-2cea9e16",
                        "attributes": {
                            "association_id": "",
                            "domain": "vpc",
                            "id": "eipalloc-2cea9e16",
                            "instance": "",
                            "network_interface": "",
                            "private_ip": "",
                            "public_ip": "54.153.132.237",
                            "vpc": "true"
                        },
                        "meta": {},
                        "tainted": false
                    },
                    "deposed": [],
                    "provider": ""
                },
                "aws_instance.bastion_server": {
                    "type": "aws_instance",
                    "depends_on": [
                        "aws_security_group.bastion-sg",
                        "aws_subnet.dmz.*"
                    ],
                    "primary": {
                        "id": "i-0d1b42c5eaa31ffdb",
                        "attributes": {
                            "ami": "ami-e2021d81",
                            "associate_public_ip_address": "true",
                            "availability_zone": "ap-southeast-2a",
                            "disable_api_termination": "false",
                            "ebs_block_device.#": "0",
                            "ebs_optimized": "false",
                            "ephemeral_block_device.#": "0",
                            "iam_instance_profile": "",
                            "id": "i-0d1b42c5eaa31ffdb",
                            "instance_state": "running",
                            "instance_type": "t2.micro",
                            "ipv6_addresses.#": "0",
                            "key_name": "DTL-SYD-SERVERS",
                            "monitoring": "false",
                            "network_interface.#": "0",
                            "network_interface_id": "eni-64e90a59",
                            "primary_network_interface_id": "eni-64e90a59",
                            "private_dns": "ip-10-0-1-224.ap-southeast-2.compute.internal",
                            "private_ip": "10.0.1.224",
                            "public_dns": "",
                            "public_ip": "54.153.210.246",
                            "root_block_device.#": "1",
                            "root_block_device.0.delete_on_termination": "true",
                            "root_block_device.0.iops": "100",
                            "root_block_device.0.volume_size": "8",
                            "root_block_device.0.volume_type": "gp2",
                            "security_groups.#": "0",
                            "source_dest_check": "true",
                            "subnet_id": "subnet-ae9c50e7",
                            "tags.%": "3",
                            "tags.Environment": "DEV",
                            "tags.Name": "BP-BASTION-SERVER",
                            "tags.Project": "BeePower",
                            "tenancy": "default",
                            "volume_tags.%": "0",
                            "vpc_security_group_ids.#": "1",
                            "vpc_security_group_ids.3860228193": "sg-0a81e26c"
                        },
                        "meta": {
                            "e2bfb730-ecaa-11e6-8f88-34363bc7c4c0": {
                                "create": 600000000000,
                                "delete": 600000000000,
                                "update": 600000000000
                            },
                            "schema_version": "1"
                        },
                        "tainted": false
                    },
                    "deposed": [],
                    "provider": ""
                },
                "aws_instance.ecs_nodes.0": {
                    "type": "aws_instance",
                    "depends_on": [
                        "aws_security_group.ecs_nodes-sg",
                        "aws_subnet.services.*"
                    ],
                    "primary": {
                        "id": "i-0d5e3266a1e3fae67",
                        "attributes": {
                            "ami": "ami-4f08e82d",
                            "associate_public_ip_address": "false",
                            "availability_zone": "ap-southeast-2a",
                            "disable_api_termination": "false",
                            "ebs_block_device.#": "1",
                            "ebs_block_device.504524833.delete_on_termination": "true",
                            "ebs_block_device.504524833.device_name": "/dev/xvdcz",
                            "ebs_block_device.504524833.encrypted": "false",
                            "ebs_block_device.504524833.iops": "100",
                            "ebs_block_device.504524833.snapshot_id": "",
                            "ebs_block_device.504524833.volume_size": "22",
                            "ebs_block_device.504524833.volume_type": "gp2",
                            "ebs_optimized": "false",
                            "ephemeral_block_device.#": "0",
                            "iam_instance_profile": "ECSInstanceRole",
                            "id": "i-0d5e3266a1e3fae67",
                            "instance_state": "running",
                            "instance_type": "t2.micro",
                            "ipv6_addresses.#": "0",
                            "key_name": "DTL-SYD-SERVERS",
                            "monitoring": "false",
                            "network_interface.#": "0",
                            "network_interface_id": "eni-34e40709",
                            "primary_network_interface_id": "eni-34e40709",
                            "private_dns": "ip-10-0-3-116.ap-southeast-2.compute.internal",
                            "private_ip": "10.0.3.116",
                            "public_dns": "",
                            "public_ip": "",
                            "root_block_device.#": "1",
                            "root_block_device.0.delete_on_termination": "true",
                            "root_block_device.0.iops": "100",
                            "root_block_device.0.volume_size": "8",
                            "root_block_device.0.volume_type": "gp2",
                            "security_groups.#": "0",
                            "source_dest_check": "true",
                            "subnet_id": "subnet-679f532e",
                            "tags.%": "3",
                            "tags.Environment": "DEV",
                            "tags.Name": "BP-ECS-NODE-0",
                            "tags.Project": "BeePower",
                            "tenancy": "default",
                            "user_data": "c5becbab4a4a8c9810599f20342904c64aadb55f",
                            "volume_tags.%": "0",
                            "vpc_security_group_ids.#": "1",
                            "vpc_security_group_ids.960960102": "sg-1380e375"
                        },
                        "meta": {
                            "e2bfb730-ecaa-11e6-8f88-34363bc7c4c0": {
                                "create": 600000000000,
                                "delete": 600000000000,
                                "update": 600000000000
                            },
                            "schema_version": "1"
                        },
                        "tainted": false
                    },
                    "deposed": [],
                    "provider": ""
                },
                "aws_instance.ecs_nodes.1": {
                    "type": "aws_instance",
                    "depends_on": [
                        "aws_security_group.ecs_nodes-sg",
                        "aws_subnet.services.*"
                    ],
                    "primary": {
                        "id": "i-0914be198d4714e1b",
                        "attributes": {
                            "ami": "ami-4f08e82d",
                            "associate_public_ip_address": "false",
                            "availability_zone": "ap-southeast-2b",
                            "disable_api_termination": "false",
                            "ebs_block_device.#": "1",
                            "ebs_block_device.504524833.delete_on_termination": "true",
                            "ebs_block_device.504524833.device_name": "/dev/xvdcz",
                            "ebs_block_device.504524833.encrypted": "false",
                            "ebs_block_device.504524833.iops": "100",
                            "ebs_block_device.504524833.snapshot_id": "",
                            "ebs_block_device.504524833.volume_size": "22",
                            "ebs_block_device.504524833.volume_type": "gp2",
                            "ebs_optimized": "false",
                            "ephemeral_block_device.#": "0",
                            "iam_instance_profile": "ECSInstanceRole",
                            "id": "i-0914be198d4714e1b",
                            "instance_state": "running",
                            "instance_type": "t2.micro",
                            "ipv6_addresses.#": "0",
                            "key_name": "DTL-SYD-SERVERS",
                            "monitoring": "false",
                            "network_interface.#": "0",
                            "network_interface_id": "eni-15e5323e",
                            "primary_network_interface_id": "eni-15e5323e",
                            "private_dns": "ip-10-0-4-209.ap-southeast-2.compute.internal",
                            "private_ip": "10.0.4.209",
                            "public_dns": "",
                            "public_ip": "",
                            "root_block_device.#": "1",
                            "root_block_device.0.delete_on_termination": "true",
                            "root_block_device.0.iops": "100",
                            "root_block_device.0.volume_size": "8",
                            "root_block_device.0.volume_type": "gp2",
                            "security_groups.#": "0",
                            "source_dest_check": "true",
                            "subnet_id": "subnet-d1f72ab6",
                            "tags.%": "3",
                            "tags.Environment": "DEV",
                            "tags.Name": "BP-ECS-NODE-1",
                            "tags.Project": "BeePower",
                            "tenancy": "default",
                            "user_data": "c5becbab4a4a8c9810599f20342904c64aadb55f",
                            "volume_tags.%": "0",
                            "vpc_security_group_ids.#": "1",
                            "vpc_security_group_ids.960960102": "sg-1380e375"
                        },
                        "meta": {
                            "e2bfb730-ecaa-11e6-8f88-34363bc7c4c0": {
                                "create": 600000000000,
                                "delete": 600000000000,
                                "update": 600000000000
                            },
                            "schema_version": "1"
                        },
                        "tainted": false
                    },
                    "deposed": [],
                    "provider": ""
                },
                "aws_internet_gateway.igw": {
                    "type": "aws_internet_gateway",
                    "depends_on": [
                        "aws_vpc.vpc"
                    ],
                    "primary": {
                        "id": "igw-a263cfc6",
                        "attributes": {
                            "id": "igw-a263cfc6",
                            "tags.%": "3",
                            "tags.Environment": "DEV",
                            "tags.Name": "BP-IGW",
                            "tags.Project": "BeePower",
                            "vpc_id": "vpc-dbb1b8bf"
                        },
                        "meta": {},
                        "tainted": false
                    },
                    "deposed": [],
                    "provider": ""
                },
                "aws_nat_gateway.ngws.0": {
                    "type": "aws_nat_gateway",
                    "depends_on": [
                        "aws_eip.ngw_eips",
                        "aws_eip.ngw_eips.*",
                        "aws_subnet.dmz.*"
                    ],
                    "primary": {
                        "id": "nat-00b2a26c85c19b40a",
                        "attributes": {
                            "allocation_id": "eipalloc-a1ef9b9b",
                            "id": "nat-00b2a26c85c19b40a",
                            "network_interface_id": "eni-8ae407b7",
                            "private_ip": "10.0.1.214",
                            "public_ip": "13.210.196.81",
                            "subnet_id": "subnet-ae9c50e7",
                            "tags.%": "3",
                            "tags.Environment": "DEV",
                            "tags.Name": "BP-NGW-0",
                            "tags.Project": "BeePower"
                        },
                        "meta": {},
                        "tainted": false
                    },
                    "deposed": [],
                    "provider": ""
                },
                "aws_nat_gateway.ngws.1": {
                    "type": "aws_nat_gateway",
                    "depends_on": [
                        "aws_eip.ngw_eips",
                        "aws_eip.ngw_eips.*",
                        "aws_subnet.dmz.*"
                    ],
                    "primary": {
                        "id": "nat-05b42e5ea1ef93f01",
                        "attributes": {
                            "allocation_id": "eipalloc-2cea9e16",
                            "id": "nat-05b42e5ea1ef93f01",
                            "network_interface_id": "eni-66f82f4d",
                            "private_ip": "10.0.2.108",
                            "public_ip": "54.153.132.237",
                            "subnet_id": "subnet-5bf12c3c",
                            "tags.%": "3",
                            "tags.Environment": "DEV",
                            "tags.Name": "BP-NGW-1",
                            "tags.Project": "BeePower"
                        },
                        "meta": {},
                        "tainted": false
                    },
                    "deposed": [],
                    "provider": ""
                },
                "aws_route_table.igw_route_table": {
                    "type": "aws_route_table",
                    "depends_on": [
                        "aws_internet_gateway.igw",
                        "aws_vpc.vpc"
                    ],
                    "primary": {
                        "id": "rtb-05f44562",
                        "attributes": {
                            "id": "rtb-05f44562",
                            "propagating_vgws.#": "0",
                            "route.#": "1",
                            "route.637852773.cidr_block": "0.0.0.0/0",
                            "route.637852773.egress_only_gateway_id": "",
                            "route.637852773.gateway_id": "igw-a263cfc6",
                            "route.637852773.instance_id": "",
                            "route.637852773.ipv6_cidr_block": "",
                            "route.637852773.nat_gateway_id": "",
                            "route.637852773.network_interface_id": "",
                            "route.637852773.vpc_peering_connection_id": "",
                            "tags.%": "3",
                            "tags.Environment": "DEV",
                            "tags.Name": "BP-RT-IGW",
                            "tags.Project": "BeePower",
                            "vpc_id": "vpc-dbb1b8bf"
                        },
                        "meta": {},
                        "tainted": false
                    },
                    "deposed": [],
                    "provider": ""
                },
                "aws_route_table.ngw_route_tables.0": {
                    "type": "aws_route_table",
                    "depends_on": [
                        "aws_nat_gateway.ngws",
                        "aws_nat_gateway.ngws.*",
                        "aws_vpc.vpc"
                    ],
                    "primary": {
                        "id": "rtb-ecf6478b",
                        "attributes": {
                            "id": "rtb-ecf6478b",
                            "propagating_vgws.#": "0",
                            "route.#": "1",
                            "route.2180739459.cidr_block": "0.0.0.0/0",
                            "route.2180739459.egress_only_gateway_id": "",
                            "route.2180739459.gateway_id": "nat-00b2a26c85c19b40a",
                            "route.2180739459.instance_id": "",
                            "route.2180739459.ipv6_cidr_block": "",
                            "route.2180739459.nat_gateway_id": "",
                            "route.2180739459.network_interface_id": "",
                            "route.2180739459.vpc_peering_connection_id": "",
                            "tags.%": "3",
                            "tags.Environment": "DEV",
                            "tags.Name": "BP-RT-NGW-0",
                            "tags.Project": "BeePower",
                            "vpc_id": "vpc-dbb1b8bf"
                        },
                        "meta": {},
                        "tainted": false
                    },
                    "deposed": [],
                    "provider": ""
                },
                "aws_route_table.ngw_route_tables.1": {
                    "type": "aws_route_table",
                    "depends_on": [
                        "aws_nat_gateway.ngws",
                        "aws_nat_gateway.ngws.*",
                        "aws_vpc.vpc"
                    ],
                    "primary": {
                        "id": "rtb-53f64734",
                        "attributes": {
                            "id": "rtb-53f64734",
                            "propagating_vgws.#": "0",
                            "route.#": "1",
                            "route.3869254472.cidr_block": "0.0.0.0/0",
                            "route.3869254472.egress_only_gateway_id": "",
                            "route.3869254472.gateway_id": "nat-05b42e5ea1ef93f01",
                            "route.3869254472.instance_id": "",
                            "route.3869254472.ipv6_cidr_block": "",
                            "route.3869254472.nat_gateway_id": "",
                            "route.3869254472.network_interface_id": "",
                            "route.3869254472.vpc_peering_connection_id": "",
                            "tags.%": "3",
                            "tags.Environment": "DEV",
                            "tags.Name": "BP-RT-NGW-1",
                            "tags.Project": "BeePower",
                            "vpc_id": "vpc-dbb1b8bf"
                        },
                        "meta": {},
                        "tainted": false
                    },
                    "deposed": [],
                    "provider": ""
                },
                "aws_route_table_association.route_table_dbs_bridge.0": {
                    "type": "aws_route_table_association",
                    "depends_on": [
                        "aws_route_table.ngw_route_tables.*",
                        "aws_subnet.dbs",
                        "aws_subnet.dbs.*"
                    ],
                    "primary": {
                        "id": "rtbassoc-d84a96be",
                        "attributes": {
                            "id": "rtbassoc-d84a96be",
                            "route_table_id": "rtb-ecf6478b",
                            "subnet_id": "subnet-3b9e5272"
                        },
                        "meta": {},
                        "tainted": false
                    },
                    "deposed": [],
                    "provider": ""
                },
                "aws_route_table_association.route_table_dbs_bridge.1": {
                    "type": "aws_route_table_association",
                    "depends_on": [
                        "aws_route_table.ngw_route_tables.*",
                        "aws_subnet.dbs",
                        "aws_subnet.dbs.*"
                    ],
                    "primary": {
                        "id": "rtbassoc-014b9767",
                        "attributes": {
                            "id": "rtbassoc-014b9767",
                            "route_table_id": "rtb-53f64734",
                            "subnet_id": "subnet-2ef42949"
                        },
                        "meta": {},
                        "tainted": false
                    },
                    "deposed": [],
                    "provider": ""
                },
                "aws_route_table_association.route_table_dmz_bridge.0": {
                    "type": "aws_route_table_association",
                    "depends_on": [
                        "aws_route_table.igw_route_table",
                        "aws_subnet.dmz",
                        "aws_subnet.dmz.*"
                    ],
                    "primary": {
                        "id": "rtbassoc-7b44981d",
                        "attributes": {
                            "id": "rtbassoc-7b44981d",
                            "route_table_id": "rtb-05f44562",
                            "subnet_id": "subnet-ae9c50e7"
                        },
                        "meta": {},
                        "tainted": false
                    },
                    "deposed": [],
                    "provider": ""
                },
                "aws_route_table_association.route_table_dmz_bridge.1": {
                    "type": "aws_route_table_association",
                    "depends_on": [
                        "aws_route_table.igw_route_table",
                        "aws_subnet.dmz",
                        "aws_subnet.dmz.*"
                    ],
                    "primary": {
                        "id": "rtbassoc-df4a96b9",
                        "attributes": {
                            "id": "rtbassoc-df4a96b9",
                            "route_table_id": "rtb-05f44562",
                            "subnet_id": "subnet-5bf12c3c"
                        },
                        "meta": {},
                        "tainted": false
                    },
                    "deposed": [],
                    "provider": ""
                },
                "aws_route_table_association.route_table_services_bridge.0": {
                    "type": "aws_route_table_association",
                    "depends_on": [
                        "aws_route_table.ngw_route_tables.*",
                        "aws_subnet.services",
                        "aws_subnet.services.*"
                    ],
                    "primary": {
                        "id": "rtbassoc-004b9766",
                        "attributes": {
                            "id": "rtbassoc-004b9766",
                            "route_table_id": "rtb-ecf6478b",
                            "subnet_id": "subnet-679f532e"
                        },
                        "meta": {},
                        "tainted": false
                    },
                    "deposed": [],
                    "provider": ""
                },
                "aws_route_table_association.route_table_services_bridge.1": {
                    "type": "aws_route_table_association",
                    "depends_on": [
                        "aws_route_table.ngw_route_tables.*",
                        "aws_subnet.services",
                        "aws_subnet.services.*"
                    ],
                    "primary": {
                        "id": "rtbassoc-964498f0",
                        "attributes": {
                            "id": "rtbassoc-964498f0",
                            "route_table_id": "rtb-53f64734",
                            "subnet_id": "subnet-d1f72ab6"
                        },
                        "meta": {},
                        "tainted": false
                    },
                    "deposed": [],
                    "provider": ""
                },
                "aws_security_group.bastion-sg": {
                    "type": "aws_security_group",
                    "depends_on": [
                        "aws_vpc.vpc"
                    ],
                    "primary": {
                        "id": "sg-0a81e26c",
                        "attributes": {
                            "description": "Managed by Terraform",
                            "egress.#": "1",
                            "egress.482069346.cidr_blocks.#": "1",
                            "egress.482069346.cidr_blocks.0": "0.0.0.0/0",
                            "egress.482069346.description": "",
                            "egress.482069346.from_port": "0",
                            "egress.482069346.ipv6_cidr_blocks.#": "0",
                            "egress.482069346.prefix_list_ids.#": "0",
                            "egress.482069346.protocol": "-1",
                            "egress.482069346.security_groups.#": "0",
                            "egress.482069346.self": "false",
                            "egress.482069346.to_port": "0",
                            "id": "sg-0a81e26c",
                            "ingress.#": "1",
                            "ingress.2541437006.cidr_blocks.#": "1",
                            "ingress.2541437006.cidr_blocks.0": "0.0.0.0/0",
                            "ingress.2541437006.description": "",
                            "ingress.2541437006.from_port": "22",
                            "ingress.2541437006.ipv6_cidr_blocks.#": "0",
                            "ingress.2541437006.protocol": "tcp",
                            "ingress.2541437006.security_groups.#": "0",
                            "ingress.2541437006.self": "false",
                            "ingress.2541437006.to_port": "22",
                            "name": "BP-SG-BASTION",
                            "owner_id": "408673749050",
                            "revoke_rules_on_delete": "false",
                            "tags.%": "0",
                            "vpc_id": "vpc-dbb1b8bf"
                        },
                        "meta": {
                            "schema_version": "1"
                        },
                        "tainted": false
                    },
                    "deposed": [],
                    "provider": ""
                },
                "aws_security_group.ecs_nodes-sg": {
                    "type": "aws_security_group",
                    "depends_on": [
                        "aws_security_group.elb-sg",
                        "aws_vpc.vpc"
                    ],
                    "primary": {
                        "id": "sg-1380e375",
                        "attributes": {
                            "description": "Managed by Terraform",
                            "egress.#": "1",
                            "egress.482069346.cidr_blocks.#": "1",
                            "egress.482069346.cidr_blocks.0": "0.0.0.0/0",
                            "egress.482069346.description": "",
                            "egress.482069346.from_port": "0",
                            "egress.482069346.ipv6_cidr_blocks.#": "0",
                            "egress.482069346.prefix_list_ids.#": "0",
                            "egress.482069346.protocol": "-1",
                            "egress.482069346.security_groups.#": "0",
                            "egress.482069346.self": "false",
                            "egress.482069346.to_port": "0",
                            "id": "sg-1380e375",
                            "ingress.#": "2",
                            "ingress.547424732.cidr_blocks.#": "0",
                            "ingress.547424732.description": "",
                            "ingress.547424732.from_port": "0",
                            "ingress.547424732.ipv6_cidr_blocks.#": "0",
                            "ingress.547424732.protocol": "tcp",
                            "ingress.547424732.security_groups.#": "1",
                            "ingress.547424732.security_groups.3709991501": "sg-8a83e0ec",
                            "ingress.547424732.self": "false",
                            "ingress.547424732.to_port": "65535",
                            "ingress.931551850.cidr_blocks.#": "1",
                            "ingress.931551850.cidr_blocks.0": "10.0.0.0/16",
                            "ingress.931551850.description": "",
                            "ingress.931551850.from_port": "22",
                            "ingress.931551850.ipv6_cidr_blocks.#": "0",
                            "ingress.931551850.protocol": "tcp",
                            "ingress.931551850.security_groups.#": "0",
                            "ingress.931551850.self": "false",
                            "ingress.931551850.to_port": "22",
                            "name": "BP-SG-ECS-NODES",
                            "owner_id": "408673749050",
                            "revoke_rules_on_delete": "false",
                            "tags.%": "0",
                            "vpc_id": "vpc-dbb1b8bf"
                        },
                        "meta": {
                            "schema_version": "1"
                        },
                        "tainted": false
                    },
                    "deposed": [],
                    "provider": ""
                },
                "aws_security_group.elb-sg": {
                    "type": "aws_security_group",
                    "depends_on": [
                        "aws_vpc.vpc"
                    ],
                    "primary": {
                        "id": "sg-8a83e0ec",
                        "attributes": {
                            "description": "Managed by Terraform",
                            "egress.#": "1",
                            "egress.482069346.cidr_blocks.#": "1",
                            "egress.482069346.cidr_blocks.0": "0.0.0.0/0",
                            "egress.482069346.description": "",
                            "egress.482069346.from_port": "0",
                            "egress.482069346.ipv6_cidr_blocks.#": "0",
                            "egress.482069346.prefix_list_ids.#": "0",
                            "egress.482069346.protocol": "-1",
                            "egress.482069346.security_groups.#": "0",
                            "egress.482069346.self": "false",
                            "egress.482069346.to_port": "0",
                            "id": "sg-8a83e0ec",
                            "ingress.#": "1",
                            "ingress.2214680975.cidr_blocks.#": "1",
                            "ingress.2214680975.cidr_blocks.0": "0.0.0.0/0",
                            "ingress.2214680975.description": "",
                            "ingress.2214680975.from_port": "80",
                            "ingress.2214680975.ipv6_cidr_blocks.#": "0",
                            "ingress.2214680975.protocol": "tcp",
                            "ingress.2214680975.security_groups.#": "0",
                            "ingress.2214680975.self": "false",
                            "ingress.2214680975.to_port": "80",
                            "name": "BP-SG-ELB",
                            "owner_id": "408673749050",
                            "revoke_rules_on_delete": "false",
                            "tags.%": "0",
                            "vpc_id": "vpc-dbb1b8bf"
                        },
                        "meta": {
                            "schema_version": "1"
                        },
                        "tainted": false
                    },
                    "deposed": [],
                    "provider": ""
                },
                "aws_subnet.dbs.0": {
                    "type": "aws_subnet",
                    "depends_on": [
                        "aws_vpc.vpc",
                        "data.aws_availability_zones.available"
                    ],
                    "primary": {
                        "id": "subnet-3b9e5272",
                        "attributes": {
                            "assign_ipv6_address_on_creation": "false",
                            "availability_zone": "ap-southeast-2a",
                            "cidr_block": "10.0.5.0/24",
                            "id": "subnet-3b9e5272",
                            "map_public_ip_on_launch": "false",
                            "tags.%": "3",
                            "tags.Environment": "DEV",
                            "tags.Name": "BP-DBS-0",
                            "tags.Project": "BeePower",
                            "vpc_id": "vpc-dbb1b8bf"
                        },
                        "meta": {
                            "schema_version": "1"
                        },
                        "tainted": false
                    },
                    "deposed": [],
                    "provider": ""
                },
                "aws_subnet.dbs.1": {
                    "type": "aws_subnet",
                    "depends_on": [
                        "aws_vpc.vpc",
                        "data.aws_availability_zones.available"
                    ],
                    "primary": {
                        "id": "subnet-2ef42949",
                        "attributes": {
                            "assign_ipv6_address_on_creation": "false",
                            "availability_zone": "ap-southeast-2b",
                            "cidr_block": "10.0.6.0/24",
                            "id": "subnet-2ef42949",
                            "map_public_ip_on_launch": "false",
                            "tags.%": "3",
                            "tags.Environment": "DEV",
                            "tags.Name": "BP-DBS-1",
                            "tags.Project": "BeePower",
                            "vpc_id": "vpc-dbb1b8bf"
                        },
                        "meta": {
                            "schema_version": "1"
                        },
                        "tainted": false
                    },
                    "deposed": [],
                    "provider": ""
                },
                "aws_subnet.dmz.0": {
                    "type": "aws_subnet",
                    "depends_on": [
                        "aws_vpc.vpc",
                        "data.aws_availability_zones.available"
                    ],
                    "primary": {
                        "id": "subnet-ae9c50e7",
                        "attributes": {
                            "assign_ipv6_address_on_creation": "false",
                            "availability_zone": "ap-southeast-2a",
                            "cidr_block": "10.0.1.0/24",
                            "id": "subnet-ae9c50e7",
                            "map_public_ip_on_launch": "true",
                            "tags.%": "3",
                            "tags.Environment": "DEV",
                            "tags.Name": "BP-DMZ-0",
                            "tags.Project": "BeePower",
                            "vpc_id": "vpc-dbb1b8bf"
                        },
                        "meta": {
                            "schema_version": "1"
                        },
                        "tainted": false
                    },
                    "deposed": [],
                    "provider": ""
                },
                "aws_subnet.dmz.1": {
                    "type": "aws_subnet",
                    "depends_on": [
                        "aws_vpc.vpc",
                        "data.aws_availability_zones.available"
                    ],
                    "primary": {
                        "id": "subnet-5bf12c3c",
                        "attributes": {
                            "assign_ipv6_address_on_creation": "false",
                            "availability_zone": "ap-southeast-2b",
                            "cidr_block": "10.0.2.0/24",
                            "id": "subnet-5bf12c3c",
                            "map_public_ip_on_launch": "true",
                            "tags.%": "3",
                            "tags.Environment": "DEV",
                            "tags.Name": "BP-DMZ-1",
                            "tags.Project": "BeePower",
                            "vpc_id": "vpc-dbb1b8bf"
                        },
                        "meta": {
                            "schema_version": "1"
                        },
                        "tainted": false
                    },
                    "deposed": [],
                    "provider": ""
                },
                "aws_subnet.services.0": {
                    "type": "aws_subnet",
                    "depends_on": [
                        "aws_vpc.vpc",
                        "data.aws_availability_zones.available"
                    ],
                    "primary": {
                        "id": "subnet-679f532e",
                        "attributes": {
                            "assign_ipv6_address_on_creation": "false",
                            "availability_zone": "ap-southeast-2a",
                            "cidr_block": "10.0.3.0/24",
                            "id": "subnet-679f532e",
                            "map_public_ip_on_launch": "false",
                            "tags.%": "3",
                            "tags.Environment": "DEV",
                            "tags.Name": "BP-SERVICES-0",
                            "tags.Project": "BeePower",
                            "vpc_id": "vpc-dbb1b8bf"
                        },
                        "meta": {
                            "schema_version": "1"
                        },
                        "tainted": false
                    },
                    "deposed": [],
                    "provider": ""
                },
                "aws_subnet.services.1": {
                    "type": "aws_subnet",
                    "depends_on": [
                        "aws_vpc.vpc",
                        "data.aws_availability_zones.available"
                    ],
                    "primary": {
                        "id": "subnet-d1f72ab6",
                        "attributes": {
                            "assign_ipv6_address_on_creation": "false",
                            "availability_zone": "ap-southeast-2b",
                            "cidr_block": "10.0.4.0/24",
                            "id": "subnet-d1f72ab6",
                            "map_public_ip_on_launch": "false",
                            "tags.%": "3",
                            "tags.Environment": "DEV",
                            "tags.Name": "BP-SERVICES-1",
                            "tags.Project": "BeePower",
                            "vpc_id": "vpc-dbb1b8bf"
                        },
                        "meta": {
                            "schema_version": "1"
                        },
                        "tainted": false
                    },
                    "deposed": [],
                    "provider": ""
                },
                "aws_vpc.vpc": {
                    "type": "aws_vpc",
                    "depends_on": [],
                    "primary": {
                        "id": "vpc-dbb1b8bf",
                        "attributes": {
                            "assign_generated_ipv6_cidr_block": "false",
                            "cidr_block": "10.0.0.0/16",
                            "default_network_acl_id": "acl-9cd209fb",
                            "default_route_table_id": "rtb-ddf243ba",
                            "default_security_group_id": "sg-d381e2b5",
                            "dhcp_options_id": "dopt-1b05657e",
                            "enable_classiclink": "false",
                            "enable_classiclink_dns_support": "false",
                            "enable_dns_hostnames": "false",
                            "enable_dns_support": "true",
                            "id": "vpc-dbb1b8bf",
                            "instance_tenancy": "default",
                            "main_route_table_id": "rtb-ddf243ba",
                            "tags.%": "3",
                            "tags.Environment": "DEV",
                            "tags.Name": "BP-VPC",
                            "tags.Project": "BeePower"
                        },
                        "meta": {
                            "schema_version": "1"
                        },
                        "tainted": false
                    },
                    "deposed": [],
                    "provider": ""
                },
                "data.aws_availability_zones.available": {
                    "type": "aws_availability_zones",
                    "depends_on": [],
                    "primary": {
                        "id": "2017-11-10 02:31:30.71669 +0000 UTC",
                        "attributes": {
                            "id": "2017-11-10 02:31:30.71669 +0000 UTC",
                            "names.#": "3",
                            "names.0": "ap-southeast-2a",
                            "names.1": "ap-southeast-2b",
                            "names.2": "ap-southeast-2c"
                        },
                        "meta": {},
                        "tainted": false
                    },
                    "deposed": [],
                    "provider": ""
                },
                "data.aws_ecs_task_definition.meter_reads": {
                    "type": "aws_ecs_task_definition",
                    "depends_on": [
                        "aws_ecs_task_definition.meter_reads"
                    ],
                    "primary": {
                        "id": "arn:aws:ecs:ap-southeast-2:408673749050:task-definition/MeterReads:20",
                        "attributes": {
                            "family": "MeterReads",
                            "id": "arn:aws:ecs:ap-southeast-2:408673749050:task-definition/MeterReads:20",
                            "network_mode": "",
                            "revision": "20",
                            "status": "ACTIVE",
                            "task_definition": "MeterReads",
                            "task_role_arn": ""
                        },
                        "meta": {},
                        "tainted": false
                    },
                    "deposed": [],
                    "provider": ""
                }
            },
            "depends_on": []
        }
    ]
}
