{
    "version": 3,
    "terraform_version": "0.10.8",
    "serial": 2,
    "lineage": "201875a8-ecb1-411e-830a-e801e2d54715",
    "modules": [
        {
            "path": [
                "root"
            ],
            "outputs": {},
            "resources": {
                "aws_ecs_task_definition.meter_reads": {
                    "type": "aws_ecs_task_definition",
                    "depends_on": [],
                    "primary": {
                        "id": "MeterReads",
                        "attributes": {
                            "arn": "arn:aws:ecs:ap-southeast-2:408673749050:task-definition/MeterReads:9",
                            "container_definitions": "185ce2f9615b8d083ac14737326ef809ffa6b7e1",
                            "family": "MeterReads",
                            "id": "MeterReads",
                            "network_mode": "",
                            "placement_constraints.#": "0",
                            "revision": "9",
                            "task_role_arn": ""
                        },
                        "meta": {},
                        "tainted": false
                    },
                    "deposed": [],
                    "provider": ""
                }
            },
            "depends_on": []
        }
    ]
}
