{
    "version": 3,
    "terraform_version": "0.10.8",
    "serial": 5,
    "lineage": "0a9aecf4-d8c1-430b-ab77-e2f3494a4236",
    "modules": [
        {
            "path": [
                "root"
            ],
            "outputs": {},
            "resources": {
                "data.aws_availability_zones.available": {
                    "type": "aws_availability_zones",
                    "depends_on": [],
                    "primary": {
                        "id": "2017-11-17 01:43:35.187234 +0000 UTC",
                        "attributes": {
                            "id": "2017-11-17 01:43:35.187234 +0000 UTC",
                            "names.#": "3",
                            "names.0": "ap-southeast-2a",
                            "names.1": "ap-southeast-2b",
                            "names.2": "ap-southeast-2c"
                        },
                        "meta": {},
                        "tainted": false
                    },
                    "deposed": [],
                    "provider": ""
                }
            },
            "depends_on": []
        },
        {
            "path": [
                "root",
                "ecs_cluster"
            ],
            "outputs": {
                "alb_arn": {
                    "sensitive": false,
                    "type": "string",
                    "value": "arn:aws:elasticloadbalancing:ap-southeast-2:408673749050:loadbalancer/app/BP-ALB/c97680ca63b501a7"
                },
                "alb_http_listener_arn": {
                    "sensitive": false,
                    "type": "string",
                    "value": "arn:aws:elasticloadbalancing:ap-southeast-2:408673749050:listener/app/BP-ALB/c97680ca63b501a7/771276bde7e49165"
                },
                "ecs_cluster_id": {
                    "sensitive": false,
                    "type": "string",
                    "value": "arn:aws:ecs:ap-southeast-2:408673749050:cluster/BP_DEV_CLUSTER"
                },
                "load_balancer_url": {
                    "sensitive": false,
                    "type": "string",
                    "value": "BP-ALB-1514582579.ap-southeast-2.elb.amazonaws.com"
                }
            },
            "resources": {
                "aws_alb.alb": {
                    "type": "aws_alb",
                    "depends_on": [
                        "aws_security_group.elb-sg"
                    ],
                    "primary": {
                        "id": "arn:aws:elasticloadbalancing:ap-southeast-2:408673749050:loadbalancer/app/BP-ALB/c97680ca63b501a7",
                        "attributes": {
                            "access_logs.#": "0",
                            "arn": "arn:aws:elasticloadbalancing:ap-southeast-2:408673749050:loadbalancer/app/BP-ALB/c97680ca63b501a7",
                            "arn_suffix": "app/BP-ALB/c97680ca63b501a7",
                            "dns_name": "BP-ALB-1514582579.ap-southeast-2.elb.amazonaws.com",
                            "enable_deletion_protection": "false",
                            "id": "arn:aws:elasticloadbalancing:ap-southeast-2:408673749050:loadbalancer/app/BP-ALB/c97680ca63b501a7",
                            "idle_timeout": "60",
                            "internal": "false",
                            "ip_address_type": "ipv4",
                            "load_balancer_type": "application",
                            "name": "BP-ALB",
                            "security_groups.#": "1",
                            "security_groups.3418767200": "sg-5b4c3b3d",
                            "subnets.#": "2",
                            "subnets.1318195380": "subnet-07419960",
                            "subnets.3720896971": "subnet-372ce77e",
                            "tags.%": "3",
                            "tags.Name": "BP-ALB",
                            "tags.environment": "DEV",
                            "tags.project_name": "BeePower",
                            "vpc_id": "vpc-fe9a8d9a",
                            "zone_id": "Z1GM3OXH4ZPM65"
                        },
                        "meta": {
                            "e2bfb730-ecaa-11e6-8f88-34363bc7c4c0": {
                                "create": 600000000000,
                                "delete": 600000000000,
                                "update": 600000000000
                            }
                        },
                        "tainted": false
                    },
                    "deposed": [],
                    "provider": ""
                },
                "aws_alb_listener.http": {
                    "type": "aws_alb_listener",
                    "depends_on": [
                        "aws_alb.alb",
                        "aws_alb_target_group.default"
                    ],
                    "primary": {
                        "id": "arn:aws:elasticloadbalancing:ap-southeast-2:408673749050:listener/app/BP-ALB/c97680ca63b501a7/771276bde7e49165",
                        "attributes": {
                            "arn": "arn:aws:elasticloadbalancing:ap-southeast-2:408673749050:listener/app/BP-ALB/c97680ca63b501a7/771276bde7e49165",
                            "default_action.#": "1",
                            "default_action.0.target_group_arn": "arn:aws:elasticloadbalancing:ap-southeast-2:408673749050:targetgroup/BP-ALB-DEFAULT-TG/4b61d215f0b87b1b",
                            "default_action.0.type": "forward",
                            "id": "arn:aws:elasticloadbalancing:ap-southeast-2:408673749050:listener/app/BP-ALB/c97680ca63b501a7/771276bde7e49165",
                            "load_balancer_arn": "arn:aws:elasticloadbalancing:ap-southeast-2:408673749050:loadbalancer/app/BP-ALB/c97680ca63b501a7",
                            "port": "80",
                            "protocol": "HTTP",
                            "ssl_policy": ""
                        },
                        "meta": {},
                        "tainted": false
                    },
                    "deposed": [],
                    "provider": ""
                },
                "aws_alb_target_group.default": {
                    "type": "aws_alb_target_group",
                    "depends_on": [],
                    "primary": {
                        "id": "arn:aws:elasticloadbalancing:ap-southeast-2:408673749050:targetgroup/BP-ALB-DEFAULT-TG/4b61d215f0b87b1b",
                        "attributes": {
                            "arn": "arn:aws:elasticloadbalancing:ap-southeast-2:408673749050:targetgroup/BP-ALB-DEFAULT-TG/4b61d215f0b87b1b",
                            "arn_suffix": "targetgroup/BP-ALB-DEFAULT-TG/4b61d215f0b87b1b",
                            "deregistration_delay": "300",
                            "health_check.#": "1",
                            "health_check.0.healthy_threshold": "5",
                            "health_check.0.interval": "30",
                            "health_check.0.matcher": "200",
                            "health_check.0.path": "/",
                            "health_check.0.port": "traffic-port",
                            "health_check.0.protocol": "HTTP",
                            "health_check.0.timeout": "5",
                            "health_check.0.unhealthy_threshold": "2",
                            "id": "arn:aws:elasticloadbalancing:ap-southeast-2:408673749050:targetgroup/BP-ALB-DEFAULT-TG/4b61d215f0b87b1b",
                            "name": "BP-ALB-DEFAULT-TG",
                            "port": "80",
                            "protocol": "HTTP",
                            "stickiness.#": "1",
                            "stickiness.0.cookie_duration": "86400",
                            "stickiness.0.enabled": "false",
                            "stickiness.0.type": "lb_cookie",
                            "tags.%": "3",
                            "tags.Name": "BP-ALB-DEFAULT-TG",
                            "tags.environment": "DEV",
                            "tags.project_name": "BeePower",
                            "target_type": "instance",
                            "vpc_id": "vpc-fe9a8d9a"
                        },
                        "meta": {},
                        "tainted": false
                    },
                    "deposed": [],
                    "provider": ""
                },
                "aws_ecs_cluster.ecs_cluster": {
                    "type": "aws_ecs_cluster",
                    "depends_on": [],
                    "primary": {
                        "id": "arn:aws:ecs:ap-southeast-2:408673749050:cluster/BP_DEV_CLUSTER",
                        "attributes": {
                            "id": "arn:aws:ecs:ap-southeast-2:408673749050:cluster/BP_DEV_CLUSTER",
                            "name": "BP_DEV_CLUSTER"
                        },
                        "meta": {},
                        "tainted": false
                    },
                    "deposed": [],
                    "provider": ""
                },
                "aws_instance.ecs_nodes.0": {
                    "type": "aws_instance",
                    "depends_on": [
                        "aws_security_group.ecs_nodes-sg"
                    ],
                    "primary": {
                        "id": "i-060dc71a0aad153ba",
                        "attributes": {
                            "ami": "ami-4f08e82d",
                            "associate_public_ip_address": "false",
                            "availability_zone": "ap-southeast-2a",
                            "disable_api_termination": "false",
                            "ebs_block_device.#": "1",
                            "ebs_block_device.504524833.delete_on_termination": "true",
                            "ebs_block_device.504524833.device_name": "/dev/xvdcz",
                            "ebs_block_device.504524833.encrypted": "false",
                            "ebs_block_device.504524833.iops": "100",
                            "ebs_block_device.504524833.snapshot_id": "",
                            "ebs_block_device.504524833.volume_size": "22",
                            "ebs_block_device.504524833.volume_type": "gp2",
                            "ebs_optimized": "false",
                            "ephemeral_block_device.#": "0",
                            "iam_instance_profile": "ECSInstanceRole",
                            "id": "i-060dc71a0aad153ba",
                            "instance_state": "running",
                            "instance_type": "t2.micro",
                            "ipv6_addresses.#": "0",
                            "key_name": "DTL-SYD-SERVERS",
                            "monitoring": "false",
                            "network_interface.#": "0",
                            "network_interface_id": "eni-26db291b",
                            "primary_network_interface_id": "eni-26db291b",
                            "private_dns": "ip-10-0-3-136.ap-southeast-2.compute.internal",
                            "private_ip": "10.0.3.136",
                            "public_dns": "",
                            "public_ip": "",
                            "root_block_device.#": "1",
                            "root_block_device.0.delete_on_termination": "true",
                            "root_block_device.0.iops": "100",
                            "root_block_device.0.volume_size": "8",
                            "root_block_device.0.volume_type": "gp2",
                            "security_groups.#": "0",
                            "source_dest_check": "true",
                            "subnet_id": "subnet-972fe4de",
                            "tags.%": "3",
                            "tags.Name": "BP-ECS-NODE-0",
                            "tags.environment": "DEV",
                            "tags.project_name": "BeePower",
                            "tenancy": "default",
                            "user_data": "eca2ff0f69a3d8bcd5c4ec7df2d293302b38ebac",
                            "volume_tags.%": "0",
                            "vpc_security_group_ids.#": "1",
                            "vpc_security_group_ids.3020732367": "sg-9b4e39fd"
                        },
                        "meta": {
                            "e2bfb730-ecaa-11e6-8f88-34363bc7c4c0": {
                                "create": 600000000000,
                                "delete": 600000000000,
                                "update": 600000000000
                            },
                            "schema_version": "1"
                        },
                        "tainted": false
                    },
                    "deposed": [],
                    "provider": ""
                },
                "aws_instance.ecs_nodes.1": {
                    "type": "aws_instance",
                    "depends_on": [
                        "aws_security_group.ecs_nodes-sg"
                    ],
                    "primary": {
                        "id": "i-0da03b0c00382a1b4",
                        "attributes": {
                            "ami": "ami-4f08e82d",
                            "associate_public_ip_address": "false",
                            "availability_zone": "ap-southeast-2b",
                            "disable_api_termination": "false",
                            "ebs_block_device.#": "1",
                            "ebs_block_device.504524833.delete_on_termination": "true",
                            "ebs_block_device.504524833.device_name": "/dev/xvdcz",
                            "ebs_block_device.504524833.encrypted": "false",
                            "ebs_block_device.504524833.iops": "100",
                            "ebs_block_device.504524833.snapshot_id": "",
                            "ebs_block_device.504524833.volume_size": "22",
                            "ebs_block_device.504524833.volume_type": "gp2",
                            "ebs_optimized": "false",
                            "ephemeral_block_device.#": "0",
                            "iam_instance_profile": "ECSInstanceRole",
                            "id": "i-0da03b0c00382a1b4",
                            "instance_state": "running",
                            "instance_type": "t2.micro",
                            "ipv6_addresses.#": "0",
                            "key_name": "DTL-SYD-SERVERS",
                            "monitoring": "false",
                            "network_interface.#": "0",
                            "network_interface_id": "eni-c305a4e8",
                            "primary_network_interface_id": "eni-c305a4e8",
                            "private_dns": "ip-10-0-4-212.ap-southeast-2.compute.internal",
                            "private_ip": "10.0.4.212",
                            "public_dns": "",
                            "public_ip": "",
                            "root_block_device.#": "1",
                            "root_block_device.0.delete_on_termination": "true",
                            "root_block_device.0.iops": "100",
                            "root_block_device.0.volume_size": "8",
                            "root_block_device.0.volume_type": "gp2",
                            "security_groups.#": "0",
                            "source_dest_check": "true",
                            "subnet_id": "subnet-4c4d952b",
                            "tags.%": "3",
                            "tags.Name": "BP-ECS-NODE-1",
                            "tags.environment": "DEV",
                            "tags.project_name": "BeePower",
                            "tenancy": "default",
                            "user_data": "eca2ff0f69a3d8bcd5c4ec7df2d293302b38ebac",
                            "volume_tags.%": "0",
                            "vpc_security_group_ids.#": "1",
                            "vpc_security_group_ids.3020732367": "sg-9b4e39fd"
                        },
                        "meta": {
                            "e2bfb730-ecaa-11e6-8f88-34363bc7c4c0": {
                                "create": 600000000000,
                                "delete": 600000000000,
                                "update": 600000000000
                            },
                            "schema_version": "1"
                        },
                        "tainted": false
                    },
                    "deposed": [],
                    "provider": ""
                },
                "aws_security_group.ecs_nodes-sg": {
                    "type": "aws_security_group",
                    "depends_on": [
                        "aws_security_group.elb-sg"
                    ],
                    "primary": {
                        "id": "sg-9b4e39fd",
                        "attributes": {
                            "description": "Managed by Terraform",
                            "egress.#": "1",
                            "egress.482069346.cidr_blocks.#": "1",
                            "egress.482069346.cidr_blocks.0": "0.0.0.0/0",
                            "egress.482069346.description": "",
                            "egress.482069346.from_port": "0",
                            "egress.482069346.ipv6_cidr_blocks.#": "0",
                            "egress.482069346.prefix_list_ids.#": "0",
                            "egress.482069346.protocol": "-1",
                            "egress.482069346.security_groups.#": "0",
                            "egress.482069346.self": "false",
                            "egress.482069346.to_port": "0",
                            "id": "sg-9b4e39fd",
                            "ingress.#": "2",
                            "ingress.1701360236.cidr_blocks.#": "0",
                            "ingress.1701360236.description": "",
                            "ingress.1701360236.from_port": "0",
                            "ingress.1701360236.ipv6_cidr_blocks.#": "0",
                            "ingress.1701360236.protocol": "tcp",
                            "ingress.1701360236.security_groups.#": "1",
                            "ingress.1701360236.security_groups.3418767200": "sg-5b4c3b3d",
                            "ingress.1701360236.self": "false",
                            "ingress.1701360236.to_port": "65535",
                            "ingress.931551850.cidr_blocks.#": "1",
                            "ingress.931551850.cidr_blocks.0": "10.0.0.0/16",
                            "ingress.931551850.description": "",
                            "ingress.931551850.from_port": "22",
                            "ingress.931551850.ipv6_cidr_blocks.#": "0",
                            "ingress.931551850.protocol": "tcp",
                            "ingress.931551850.security_groups.#": "0",
                            "ingress.931551850.self": "false",
                            "ingress.931551850.to_port": "22",
                            "name": "BP-SG-ECS-NODES",
                            "owner_id": "408673749050",
                            "revoke_rules_on_delete": "false",
                            "tags.%": "0",
                            "vpc_id": "vpc-fe9a8d9a"
                        },
                        "meta": {
                            "schema_version": "1"
                        },
                        "tainted": false
                    },
                    "deposed": [],
                    "provider": ""
                },
                "aws_security_group.elb-sg": {
                    "type": "aws_security_group",
                    "depends_on": [],
                    "primary": {
                        "id": "sg-5b4c3b3d",
                        "attributes": {
                            "description": "Managed by Terraform",
                            "egress.#": "1",
                            "egress.482069346.cidr_blocks.#": "1",
                            "egress.482069346.cidr_blocks.0": "0.0.0.0/0",
                            "egress.482069346.description": "",
                            "egress.482069346.from_port": "0",
                            "egress.482069346.ipv6_cidr_blocks.#": "0",
                            "egress.482069346.prefix_list_ids.#": "0",
                            "egress.482069346.protocol": "-1",
                            "egress.482069346.security_groups.#": "0",
                            "egress.482069346.self": "false",
                            "egress.482069346.to_port": "0",
                            "id": "sg-5b4c3b3d",
                            "ingress.#": "1",
                            "ingress.2214680975.cidr_blocks.#": "1",
                            "ingress.2214680975.cidr_blocks.0": "0.0.0.0/0",
                            "ingress.2214680975.description": "",
                            "ingress.2214680975.from_port": "80",
                            "ingress.2214680975.ipv6_cidr_blocks.#": "0",
                            "ingress.2214680975.protocol": "tcp",
                            "ingress.2214680975.security_groups.#": "0",
                            "ingress.2214680975.self": "false",
                            "ingress.2214680975.to_port": "80",
                            "name": "BP-SG-ELB",
                            "owner_id": "408673749050",
                            "revoke_rules_on_delete": "false",
                            "tags.%": "0",
                            "vpc_id": "vpc-fe9a8d9a"
                        },
                        "meta": {
                            "schema_version": "1"
                        },
                        "tainted": false
                    },
                    "deposed": [],
                    "provider": ""
                }
            },
            "depends_on": []
        },
        {
            "path": [
                "root",
                "network"
            ],
            "outputs": {
                "bastion_server_ip": {
                    "sensitive": false,
                    "type": "string",
                    "value": "13.210.109.176"
                },
                "dmz_subnet_ids": {
                    "sensitive": false,
                    "type": "list",
                    "value": [
                        "subnet-372ce77e",
                        "subnet-07419960"
                    ]
                },
                "igw_id": {
                    "sensitive": false,
                    "type": "string",
                    "value": "igw-ceaa02aa"
                },
                "ngw_route_table_ids": {
                    "sensitive": false,
                    "type": "list",
                    "value": [
                        "rtb-fed66899",
                        "rtb-86d967e1"
                    ]
                },
                "svc_subnet_ids": {
                    "sensitive": false,
                    "type": "list",
                    "value": [
                        "subnet-972fe4de",
                        "subnet-4c4d952b"
                    ]
                },
                "vpc_cidr": {
                    "sensitive": false,
                    "type": "string",
                    "value": "10.0.0.0/16"
                },
                "vpc_id": {
                    "sensitive": false,
                    "type": "string",
                    "value": "vpc-fe9a8d9a"
                }
            },
            "resources": {
                "aws_eip.ngw_eips.0": {
                    "type": "aws_eip",
                    "depends_on": [],
                    "primary": {
                        "id": "eipalloc-78a3d042",
                        "attributes": {
                            "association_id": "eipassoc-1719292d",
                            "domain": "vpc",
                            "id": "eipalloc-78a3d042",
                            "instance": "",
                            "network_interface": "eni-2ddd2f10",
                            "private_ip": "10.0.1.142",
                            "public_ip": "13.210.128.137",
                            "vpc": "true"
                        },
                        "meta": {},
                        "tainted": false
                    },
                    "deposed": [],
                    "provider": ""
                },
                "aws_eip.ngw_eips.1": {
                    "type": "aws_eip",
                    "depends_on": [],
                    "primary": {
                        "id": "eipalloc-d6bccfec",
                        "attributes": {
                            "association_id": "eipassoc-1514242f",
                            "domain": "vpc",
                            "id": "eipalloc-d6bccfec",
                            "instance": "",
                            "network_interface": "eni-8003a2ab",
                            "private_ip": "10.0.2.72",
                            "public_ip": "13.54.130.154",
                            "vpc": "true"
                        },
                        "meta": {},
                        "tainted": false
                    },
                    "deposed": [],
                    "provider": ""
                },
                "aws_instance.bastion_server": {
                    "type": "aws_instance",
                    "depends_on": [
                        "aws_security_group.bastion-sg",
                        "aws_subnet.dmz.*"
                    ],
                    "primary": {
                        "id": "i-07bdf9b0984434713",
                        "attributes": {
                            "ami": "ami-e2021d81",
                            "associate_public_ip_address": "true",
                            "availability_zone": "ap-southeast-2a",
                            "disable_api_termination": "false",
                            "ebs_block_device.#": "0",
                            "ebs_optimized": "false",
                            "ephemeral_block_device.#": "0",
                            "iam_instance_profile": "",
                            "id": "i-07bdf9b0984434713",
                            "instance_state": "running",
                            "instance_type": "t2.micro",
                            "ipv6_addresses.#": "0",
                            "key_name": "DTL-SYD-SERVERS",
                            "monitoring": "false",
                            "network_interface.#": "0",
                            "network_interface_id": "eni-c3df2dfe",
                            "primary_network_interface_id": "eni-c3df2dfe",
                            "private_dns": "ip-10-0-1-148.ap-southeast-2.compute.internal",
                            "private_ip": "10.0.1.148",
                            "public_dns": "",
                            "public_ip": "13.210.109.176",
                            "root_block_device.#": "1",
                            "root_block_device.0.delete_on_termination": "true",
                            "root_block_device.0.iops": "100",
                            "root_block_device.0.volume_size": "8",
                            "root_block_device.0.volume_type": "gp2",
                            "security_groups.#": "0",
                            "source_dest_check": "true",
                            "subnet_id": "subnet-372ce77e",
                            "tags.%": "3",
                            "tags.Name": "BP-BASTION",
                            "tags.environment": "DEV",
                            "tags.project_name": "BeePower",
                            "tenancy": "default",
                            "volume_tags.%": "0",
                            "vpc_security_group_ids.#": "1",
                            "vpc_security_group_ids.1222406078": "sg-8d4a3deb"
                        },
                        "meta": {
                            "e2bfb730-ecaa-11e6-8f88-34363bc7c4c0": {
                                "create": 600000000000,
                                "delete": 600000000000,
                                "update": 600000000000
                            },
                            "schema_version": "1"
                        },
                        "tainted": false
                    },
                    "deposed": [],
                    "provider": ""
                },
                "aws_internet_gateway.igw": {
                    "type": "aws_internet_gateway",
                    "depends_on": [
                        "aws_vpc.vpc"
                    ],
                    "primary": {
                        "id": "igw-ceaa02aa",
                        "attributes": {
                            "id": "igw-ceaa02aa",
                            "tags.%": "3",
                            "tags.Name": "BP-IGW",
                            "tags.environment": "DEV",
                            "tags.project_name": "BeePower",
                            "vpc_id": "vpc-fe9a8d9a"
                        },
                        "meta": {},
                        "tainted": false
                    },
                    "deposed": [],
                    "provider": ""
                },
                "aws_nat_gateway.ngws.0": {
                    "type": "aws_nat_gateway",
                    "depends_on": [
                        "aws_eip.ngw_eips.*",
                        "aws_subnet.dmz.*"
                    ],
                    "primary": {
                        "id": "nat-0138370e60341cd30",
                        "attributes": {
                            "allocation_id": "eipalloc-78a3d042",
                            "id": "nat-0138370e60341cd30",
                            "network_interface_id": "eni-2ddd2f10",
                            "private_ip": "10.0.1.142",
                            "public_ip": "13.210.128.137",
                            "subnet_id": "subnet-372ce77e",
                            "tags.%": "3",
                            "tags.Name": "BP-NGW-0",
                            "tags.environment": "DEV",
                            "tags.project_name": "BeePower"
                        },
                        "meta": {},
                        "tainted": false
                    },
                    "deposed": [],
                    "provider": ""
                },
                "aws_nat_gateway.ngws.1": {
                    "type": "aws_nat_gateway",
                    "depends_on": [
                        "aws_eip.ngw_eips.*",
                        "aws_subnet.dmz.*"
                    ],
                    "primary": {
                        "id": "nat-07af1d5a7805e5eea",
                        "attributes": {
                            "allocation_id": "eipalloc-d6bccfec",
                            "id": "nat-07af1d5a7805e5eea",
                            "network_interface_id": "eni-8003a2ab",
                            "private_ip": "10.0.2.72",
                            "public_ip": "13.54.130.154",
                            "subnet_id": "subnet-07419960",
                            "tags.%": "3",
                            "tags.Name": "BP-NGW-1",
                            "tags.environment": "DEV",
                            "tags.project_name": "BeePower"
                        },
                        "meta": {},
                        "tainted": false
                    },
                    "deposed": [],
                    "provider": ""
                },
                "aws_route_table.igw_route_table": {
                    "type": "aws_route_table",
                    "depends_on": [
                        "aws_internet_gateway.igw",
                        "aws_vpc.vpc"
                    ],
                    "primary": {
                        "id": "rtb-74d96713",
                        "attributes": {
                            "id": "rtb-74d96713",
                            "propagating_vgws.#": "0",
                            "route.#": "1",
                            "route.40371186.cidr_block": "0.0.0.0/0",
                            "route.40371186.egress_only_gateway_id": "",
                            "route.40371186.gateway_id": "igw-ceaa02aa",
                            "route.40371186.instance_id": "",
                            "route.40371186.ipv6_cidr_block": "",
                            "route.40371186.nat_gateway_id": "",
                            "route.40371186.network_interface_id": "",
                            "route.40371186.vpc_peering_connection_id": "",
                            "tags.%": "3",
                            "tags.Name": "BP-RT-IGW",
                            "tags.environment": "DEV",
                            "tags.project_name": "BeePower",
                            "vpc_id": "vpc-fe9a8d9a"
                        },
                        "meta": {},
                        "tainted": false
                    },
                    "deposed": [],
                    "provider": ""
                },
                "aws_route_table.ngw_route_tables.0": {
                    "type": "aws_route_table",
                    "depends_on": [
                        "aws_nat_gateway.ngws",
                        "aws_nat_gateway.ngws.*",
                        "aws_vpc.vpc"
                    ],
                    "primary": {
                        "id": "rtb-fed66899",
                        "attributes": {
                            "id": "rtb-fed66899",
                            "propagating_vgws.#": "0",
                            "route.#": "1",
                            "route.255795122.cidr_block": "0.0.0.0/0",
                            "route.255795122.egress_only_gateway_id": "",
                            "route.255795122.gateway_id": "nat-0138370e60341cd30",
                            "route.255795122.instance_id": "",
                            "route.255795122.ipv6_cidr_block": "",
                            "route.255795122.nat_gateway_id": "",
                            "route.255795122.network_interface_id": "",
                            "route.255795122.vpc_peering_connection_id": "",
                            "tags.%": "3",
                            "tags.Name": "BP-RT-NGW-0",
                            "tags.environment": "DEV",
                            "tags.project_name": "BeePower",
                            "vpc_id": "vpc-fe9a8d9a"
                        },
                        "meta": {},
                        "tainted": false
                    },
                    "deposed": [],
                    "provider": ""
                },
                "aws_route_table.ngw_route_tables.1": {
                    "type": "aws_route_table",
                    "depends_on": [
                        "aws_nat_gateway.ngws",
                        "aws_nat_gateway.ngws.*",
                        "aws_vpc.vpc"
                    ],
                    "primary": {
                        "id": "rtb-86d967e1",
                        "attributes": {
                            "id": "rtb-86d967e1",
                            "propagating_vgws.#": "0",
                            "route.#": "1",
                            "route.1402301751.cidr_block": "0.0.0.0/0",
                            "route.1402301751.egress_only_gateway_id": "",
                            "route.1402301751.gateway_id": "",
                            "route.1402301751.instance_id": "",
                            "route.1402301751.ipv6_cidr_block": "",
                            "route.1402301751.nat_gateway_id": "nat-07af1d5a7805e5eea",
                            "route.1402301751.network_interface_id": "",
                            "route.1402301751.vpc_peering_connection_id": "",
                            "tags.%": "3",
                            "tags.Name": "BP-RT-NGW-1",
                            "tags.environment": "DEV",
                            "tags.project_name": "BeePower",
                            "vpc_id": "vpc-fe9a8d9a"
                        },
                        "meta": {},
                        "tainted": false
                    },
                    "deposed": [],
                    "provider": ""
                },
                "aws_route_table_association.route_table_dmz_bridge.0": {
                    "type": "aws_route_table_association",
                    "depends_on": [
                        "aws_route_table.igw_route_table",
                        "aws_subnet.dmz.*"
                    ],
                    "primary": {
                        "id": "rtbassoc-9cbc1afa",
                        "attributes": {
                            "id": "rtbassoc-9cbc1afa",
                            "route_table_id": "rtb-74d96713",
                            "subnet_id": "subnet-372ce77e"
                        },
                        "meta": {},
                        "tainted": false
                    },
                    "deposed": [],
                    "provider": ""
                },
                "aws_route_table_association.route_table_dmz_bridge.1": {
                    "type": "aws_route_table_association",
                    "depends_on": [
                        "aws_route_table.igw_route_table",
                        "aws_subnet.dmz.*"
                    ],
                    "primary": {
                        "id": "rtbassoc-3cbd1b5a",
                        "attributes": {
                            "id": "rtbassoc-3cbd1b5a",
                            "route_table_id": "rtb-74d96713",
                            "subnet_id": "subnet-07419960"
                        },
                        "meta": {},
                        "tainted": false
                    },
                    "deposed": [],
                    "provider": ""
                },
                "aws_route_table_association.route_table_services_bridge.0": {
                    "type": "aws_route_table_association",
                    "depends_on": [
                        "aws_route_table.ngw_route_tables.*",
                        "aws_subnet.services",
                        "aws_subnet.services.*"
                    ],
                    "primary": {
                        "id": "rtbassoc-7ab91f1c",
                        "attributes": {
                            "id": "rtbassoc-7ab91f1c",
                            "route_table_id": "rtb-fed66899",
                            "subnet_id": "subnet-972fe4de"
                        },
                        "meta": {},
                        "tainted": false
                    },
                    "deposed": [],
                    "provider": ""
                },
                "aws_route_table_association.route_table_services_bridge.1": {
                    "type": "aws_route_table_association",
                    "depends_on": [
                        "aws_route_table.ngw_route_tables.*",
                        "aws_subnet.services",
                        "aws_subnet.services.*"
                    ],
                    "primary": {
                        "id": "rtbassoc-d3bd1bb5",
                        "attributes": {
                            "id": "rtbassoc-d3bd1bb5",
                            "route_table_id": "rtb-86d967e1",
                            "subnet_id": "subnet-4c4d952b"
                        },
                        "meta": {},
                        "tainted": false
                    },
                    "deposed": [],
                    "provider": ""
                },
                "aws_security_group.bastion-sg": {
                    "type": "aws_security_group",
                    "depends_on": [
                        "aws_vpc.vpc"
                    ],
                    "primary": {
                        "id": "sg-8d4a3deb",
                        "attributes": {
                            "description": "Managed by Terraform",
                            "egress.#": "1",
                            "egress.482069346.cidr_blocks.#": "1",
                            "egress.482069346.cidr_blocks.0": "0.0.0.0/0",
                            "egress.482069346.description": "",
                            "egress.482069346.from_port": "0",
                            "egress.482069346.ipv6_cidr_blocks.#": "0",
                            "egress.482069346.prefix_list_ids.#": "0",
                            "egress.482069346.protocol": "-1",
                            "egress.482069346.security_groups.#": "0",
                            "egress.482069346.self": "false",
                            "egress.482069346.to_port": "0",
                            "id": "sg-8d4a3deb",
                            "ingress.#": "1",
                            "ingress.2541437006.cidr_blocks.#": "1",
                            "ingress.2541437006.cidr_blocks.0": "0.0.0.0/0",
                            "ingress.2541437006.description": "",
                            "ingress.2541437006.from_port": "22",
                            "ingress.2541437006.ipv6_cidr_blocks.#": "0",
                            "ingress.2541437006.protocol": "tcp",
                            "ingress.2541437006.security_groups.#": "0",
                            "ingress.2541437006.self": "false",
                            "ingress.2541437006.to_port": "22",
                            "name": "BP-SG-BASTION",
                            "owner_id": "408673749050",
                            "revoke_rules_on_delete": "false",
                            "tags.%": "0",
                            "vpc_id": "vpc-fe9a8d9a"
                        },
                        "meta": {
                            "schema_version": "1"
                        },
                        "tainted": false
                    },
                    "deposed": [],
                    "provider": ""
                },
                "aws_subnet.dmz.0": {
                    "type": "aws_subnet",
                    "depends_on": [
                        "aws_vpc.vpc"
                    ],
                    "primary": {
                        "id": "subnet-372ce77e",
                        "attributes": {
                            "assign_ipv6_address_on_creation": "false",
                            "availability_zone": "ap-southeast-2a",
                            "cidr_block": "10.0.1.0/24",
                            "id": "subnet-372ce77e",
                            "map_public_ip_on_launch": "true",
                            "tags.%": "3",
                            "tags.Name": "BP-DMZ-0",
                            "tags.environment": "DEV",
                            "tags.project_name": "BeePower",
                            "vpc_id": "vpc-fe9a8d9a"
                        },
                        "meta": {
                            "schema_version": "1"
                        },
                        "tainted": false
                    },
                    "deposed": [],
                    "provider": ""
                },
                "aws_subnet.dmz.1": {
                    "type": "aws_subnet",
                    "depends_on": [
                        "aws_vpc.vpc"
                    ],
                    "primary": {
                        "id": "subnet-07419960",
                        "attributes": {
                            "assign_ipv6_address_on_creation": "false",
                            "availability_zone": "ap-southeast-2b",
                            "cidr_block": "10.0.2.0/24",
                            "id": "subnet-07419960",
                            "map_public_ip_on_launch": "true",
                            "tags.%": "3",
                            "tags.Name": "BP-DMZ-1",
                            "tags.environment": "DEV",
                            "tags.project_name": "BeePower",
                            "vpc_id": "vpc-fe9a8d9a"
                        },
                        "meta": {
                            "schema_version": "1"
                        },
                        "tainted": false
                    },
                    "deposed": [],
                    "provider": ""
                },
                "aws_subnet.services.0": {
                    "type": "aws_subnet",
                    "depends_on": [
                        "aws_vpc.vpc"
                    ],
                    "primary": {
                        "id": "subnet-972fe4de",
                        "attributes": {
                            "assign_ipv6_address_on_creation": "false",
                            "availability_zone": "ap-southeast-2a",
                            "cidr_block": "10.0.3.0/24",
                            "id": "subnet-972fe4de",
                            "map_public_ip_on_launch": "false",
                            "tags.%": "3",
                            "tags.Name": "BP-SERVICES-0",
                            "tags.environment": "DEV",
                            "tags.project_name": "BeePower",
                            "vpc_id": "vpc-fe9a8d9a"
                        },
                        "meta": {
                            "schema_version": "1"
                        },
                        "tainted": false
                    },
                    "deposed": [],
                    "provider": ""
                },
                "aws_subnet.services.1": {
                    "type": "aws_subnet",
                    "depends_on": [
                        "aws_vpc.vpc"
                    ],
                    "primary": {
                        "id": "subnet-4c4d952b",
                        "attributes": {
                            "assign_ipv6_address_on_creation": "false",
                            "availability_zone": "ap-southeast-2b",
                            "cidr_block": "10.0.4.0/24",
                            "id": "subnet-4c4d952b",
                            "map_public_ip_on_launch": "false",
                            "tags.%": "3",
                            "tags.Name": "BP-SERVICES-1",
                            "tags.environment": "DEV",
                            "tags.project_name": "BeePower",
                            "vpc_id": "vpc-fe9a8d9a"
                        },
                        "meta": {
                            "schema_version": "1"
                        },
                        "tainted": false
                    },
                    "deposed": [],
                    "provider": ""
                },
                "aws_vpc.vpc": {
                    "type": "aws_vpc",
                    "depends_on": [],
                    "primary": {
                        "id": "vpc-fe9a8d9a",
                        "attributes": {
                            "assign_generated_ipv6_cidr_block": "false",
                            "cidr_block": "10.0.0.0/16",
                            "default_network_acl_id": "acl-011dbc66",
                            "default_route_table_id": "rtb-48dc622f",
                            "default_security_group_id": "sg-854f38e3",
                            "dhcp_options_id": "dopt-1b05657e",
                            "enable_classiclink": "false",
                            "enable_classiclink_dns_support": "false",
                            "enable_dns_hostnames": "false",
                            "enable_dns_support": "true",
                            "id": "vpc-fe9a8d9a",
                            "instance_tenancy": "default",
                            "main_route_table_id": "rtb-48dc622f",
                            "tags.%": "3",
                            "tags.Name": "BP-VPC",
                            "tags.environment": "DEV",
                            "tags.project_name": "BeePower"
                        },
                        "meta": {
                            "schema_version": "1"
                        },
                        "tainted": false
                    },
                    "deposed": [],
                    "provider": ""
                }
            },
            "depends_on": []
        },
        {
            "path": [
                "root",
                "services"
            ],
            "outputs": {},
            "resources": {
                "aws_alb_listener_rule.meter_reads": {
                    "type": "aws_alb_listener_rule",
                    "depends_on": [
                        "aws_alb_target_group.meter_reads"
                    ],
                    "primary": {
                        "id": "arn:aws:elasticloadbalancing:ap-southeast-2:408673749050:listener-rule/app/BP-ALB/c97680ca63b501a7/771276bde7e49165/2cfd6a065f11a58a",
                        "attributes": {
                            "action.#": "1",
                            "action.0.target_group_arn": "arn:aws:elasticloadbalancing:ap-southeast-2:408673749050:targetgroup/BP-MeterReads-TG/6927d25d1767d66d",
                            "action.0.type": "forward",
                            "arn": "arn:aws:elasticloadbalancing:ap-southeast-2:408673749050:listener-rule/app/BP-ALB/c97680ca63b501a7/771276bde7e49165/2cfd6a065f11a58a",
                            "condition.#": "1",
                            "condition.2551747819.field": "path-pattern",
                            "condition.2551747819.values.#": "1",
                            "condition.2551747819.values.0": "/api/meterReads",
                            "id": "arn:aws:elasticloadbalancing:ap-southeast-2:408673749050:listener-rule/app/BP-ALB/c97680ca63b501a7/771276bde7e49165/2cfd6a065f11a58a",
                            "listener_arn": "arn:aws:elasticloadbalancing:ap-southeast-2:408673749050:listener/app/BP-ALB/c97680ca63b501a7/771276bde7e49165",
                            "priority": "1"
                        },
                        "meta": {},
                        "tainted": false
                    },
                    "deposed": [],
                    "provider": ""
                },
                "aws_alb_target_group.meter_reads": {
                    "type": "aws_alb_target_group",
                    "depends_on": [],
                    "primary": {
                        "id": "arn:aws:elasticloadbalancing:ap-southeast-2:408673749050:targetgroup/BP-MeterReads-TG/6927d25d1767d66d",
                        "attributes": {
                            "arn": "arn:aws:elasticloadbalancing:ap-southeast-2:408673749050:targetgroup/BP-MeterReads-TG/6927d25d1767d66d",
                            "arn_suffix": "targetgroup/BP-MeterReads-TG/6927d25d1767d66d",
                            "deregistration_delay": "300",
                            "health_check.#": "1",
                            "health_check.0.healthy_threshold": "3",
                            "health_check.0.interval": "30",
                            "health_check.0.matcher": "200-299",
                            "health_check.0.path": "/api/meterReads",
                            "health_check.0.port": "traffic-port",
                            "health_check.0.protocol": "HTTP",
                            "health_check.0.timeout": "10",
                            "health_check.0.unhealthy_threshold": "3",
                            "id": "arn:aws:elasticloadbalancing:ap-southeast-2:408673749050:targetgroup/BP-MeterReads-TG/6927d25d1767d66d",
                            "name": "BP-MeterReads-TG",
                            "port": "80",
                            "protocol": "HTTP",
                            "stickiness.#": "1",
                            "stickiness.0.cookie_duration": "86400",
                            "stickiness.0.enabled": "false",
                            "stickiness.0.type": "lb_cookie",
                            "tags.%": "3",
                            "tags.Name": "BP-ALB-MeterReads-TG",
                            "tags.environment": "DEV",
                            "tags.project_name": "BeePower",
                            "target_type": "instance",
                            "vpc_id": "vpc-fe9a8d9a"
                        },
                        "meta": {},
                        "tainted": false
                    },
                    "deposed": [],
                    "provider": ""
                },
                "aws_cloudwatch_log_group.meter_reads_logs": {
                    "type": "aws_cloudwatch_log_group",
                    "depends_on": [],
                    "primary": {
                        "id": "meter-reads-logs",
                        "attributes": {
                            "arn": "arn:aws:logs:ap-southeast-2:408673749050:log-group:meter-reads-logs:*",
                            "id": "meter-reads-logs",
                            "kms_key_id": "",
                            "name": "meter-reads-logs",
                            "retention_in_days": "0",
                            "tags.%": "3",
                            "tags.Name": "BP-MeterReads-Logs",
                            "tags.environment": "DEV",
                            "tags.project_name": "BeePower"
                        },
                        "meta": {},
                        "tainted": false
                    },
                    "deposed": [],
                    "provider": ""
                },
                "aws_ecs_service.meter_reads": {
                    "type": "aws_ecs_service",
                    "depends_on": [
                        "aws_alb_target_group.meter_reads",
                        "aws_ecs_task_definition.meter_reads",
                        "data.aws_ecs_task_definition.meter_reads",
                        "null_resource.alb_exists"
                    ],
                    "primary": {
                        "id": "arn:aws:ecs:ap-southeast-2:408673749050:service/MeterReadsService",
                        "attributes": {
                            "cluster": "arn:aws:ecs:ap-southeast-2:408673749050:cluster/BP_DEV_CLUSTER",
                            "deployment_maximum_percent": "200",
                            "deployment_minimum_healthy_percent": "100",
                            "desired_count": "2",
                            "iam_role": "arn:aws:iam::408673749050:role/ECSServiceRole",
                            "id": "arn:aws:ecs:ap-southeast-2:408673749050:service/MeterReadsService",
                            "load_balancer.#": "1",
                            "load_balancer.2463337770.container_name": "meterReadsContainer",
                            "load_balancer.2463337770.container_port": "80",
                            "load_balancer.2463337770.elb_name": "",
                            "load_balancer.2463337770.target_group_arn": "arn:aws:elasticloadbalancing:ap-southeast-2:408673749050:targetgroup/BP-MeterReads-TG/6927d25d1767d66d",
                            "name": "MeterReadsService",
                            "placement_constraints.#": "0",
                            "placement_strategy.#": "1",
                            "placement_strategy.3619322362.field": "attribute:ecs.availability-zone",
                            "placement_strategy.3619322362.type": "spread",
                            "task_definition": "MeterReads:31"
                        },
                        "meta": {},
                        "tainted": false
                    },
                    "deposed": [],
                    "provider": ""
                },
                "aws_ecs_task_definition.meter_reads": {
                    "type": "aws_ecs_task_definition",
                    "depends_on": [
                        "aws_ecs_task_definition.meter_reads"
                    ],
                    "primary": {
                        "id": "MeterReads",
                        "attributes": {
                            "arn": "arn:aws:ecs:ap-southeast-2:408673749050:task-definition/MeterReads:31",
                            "container_definitions": "[{\"cpu\":256,\"environment\":[],\"essential\":true,\"image\":\"408673749050.dkr.ecr.ap-southeast-2.amazonaws.com/bee-power:1.0.20\",\"logConfiguration\":{\"logDriver\":\"awslogs\",\"options\":{\"awslogs-group\":\"meter-reads-logs\",\"awslogs-region\":\"ap-southeast-2\",\"awslogs-stream-prefix\":\"meter-reads\"}},\"memory\":256,\"mountPoints\":[],\"name\":\"meterReadsContainer\",\"portMappings\":[{\"containerPort\":80,\"hostPort\":0,\"protocol\":\"tcp\"}],\"volumesFrom\":[]}]",
                            "family": "MeterReads",
                            "id": "MeterReads",
                            "network_mode": "",
                            "placement_constraints.#": "0",
                            "revision": "31",
                            "task_role_arn": ""
                        },
                        "meta": {
                            "schema_version": "1"
                        },
                        "tainted": false
                    },
                    "deposed": [],
                    "provider": ""
                },
                "data.aws_ecs_task_definition.meter_reads": {
                    "type": "aws_ecs_task_definition",
                    "depends_on": [
                        "aws_ecs_task_definition.meter_reads"
                    ],
                    "primary": {
                        "id": "arn:aws:ecs:ap-southeast-2:408673749050:task-definition/MeterReads:31",
                        "attributes": {
                            "family": "MeterReads",
                            "id": "arn:aws:ecs:ap-southeast-2:408673749050:task-definition/MeterReads:31",
                            "network_mode": "",
                            "revision": "31",
                            "status": "ACTIVE",
                            "task_definition": "MeterReads",
                            "task_role_arn": ""
                        },
                        "meta": {},
                        "tainted": false
                    },
                    "deposed": [],
                    "provider": ""
                },
                "null_resource.alb_exists": {
                    "type": "null_resource",
                    "depends_on": [],
                    "primary": {
                        "id": "7159791101972438250",
                        "attributes": {
                            "id": "7159791101972438250",
                            "triggers.%": "1",
                            "triggers.alb_name": "arn:aws:elasticloadbalancing:ap-southeast-2:408673749050:loadbalancer/app/BP-ALB/c97680ca63b501a7"
                        },
                        "meta": {},
                        "tainted": false
                    },
                    "deposed": [],
                    "provider": ""
                }
            },
            "depends_on": []
        }
    ]
}
